Microsoft Visual Studio Solution File, Format Version 9.00
# Visual Studio 2005
Project("{8BC9CEB8-8B4A-11D0-8D11-00A0C91BC942}") = "ALL_BUILD", ".\ALL_BUILD.vcproj", "{9AF2A43E-8587-46FE-B898-54084BA522B0}"
	ProjectSection(ProjectDependencies) = postProject
		{36832F70-6C9C-4495-B201-4EC0EA5ED635} = {36832F70-6C9C-4495-B201-4EC0EA5ED635}
	EndProjectSection
EndProject
Project("{8BC9CEB8-8B4A-11D0-8D11-00A0C91BC942}") = "INSTALL", ".\INSTALL.vcproj", "{7054DB27-18D7-4E60-858C-2416B0DC4D34}"
	ProjectSection(ProjectDependencies) = postProject
		{9AF2A43E-8587-46FE-B898-54084BA522B0} = {9AF2A43E-8587-46FE-B898-54084BA522B0}
	EndProjectSection
EndProject
Project("{8BC9CEB8-8B4A-11D0-8D11-00A0C91BC942}") = "MyGUIEngine", ".\MyGUIEngine.vcproj", "{36832F70-6C9C-4495-B201-4EC0EA5ED635}"
	ProjectSection(ProjectDependencies) = postProject
	EndProjectSection
EndProject
Global
	GlobalSection(SolutionConfigurationPlatforms) = preSolution
		Debug|Win32 = Debug|Win32
		Release|Win32 = Release|Win32
		MinSizeRel|Win32 = MinSizeRel|Win32
		RelWithDebInfo|Win32 = RelWithDebInfo|Win32
	EndGlobalSection
	GlobalSection(ProjectConfigurationPlatforms) = postSolution
		{9AF2A43E-8587-46FE-B898-54084BA522B0}.Debug|Win32.ActiveCfg = Debug|Win32
		{9AF2A43E-8587-46FE-B898-54084BA522B0}.Debug|Win32.Build.0 = Debug|Win32
		{9AF2A43E-8587-46FE-B898-54084BA522B0}.Release|Win32.ActiveCfg = Release|Win32
		{9AF2A43E-8587-46FE-B898-54084BA522B0}.Release|Win32.Build.0 = Release|Win32
		{9AF2A43E-8587-46FE-B898-54084BA522B0}.MinSizeRel|Win32.ActiveCfg = MinSizeRel|Win32
		{9AF2A43E-8587-46FE-B898-54084BA522B0}.MinSizeRel|Win32.Build.0 = MinSizeRel|Win32
		{9AF2A43E-8587-46FE-B898-54084BA522B0}.RelWithDebInfo|Win32.ActiveCfg = RelWithDebInfo|Win32
		{9AF2A43E-8587-46FE-B898-54084BA522B0}.RelWithDebInfo|Win32.Build.0 = RelWithDebInfo|Win32
		{7054DB27-18D7-4E60-858C-2416B0DC4D34}.Debug|Win32.ActiveCfg = Debug|Win32
		{7054DB27-18D7-4E60-858C-2416B0DC4D34}.Release|Win32.ActiveCfg = Release|Win32
		{7054DB27-18D7-4E60-858C-2416B0DC4D34}.MinSizeRel|Win32.ActiveCfg = MinSizeRel|Win32
		{7054DB27-18D7-4E60-858C-2416B0DC4D34}.RelWithDebInfo|Win32.ActiveCfg = RelWithDebInfo|Win32
		{36832F70-6C9C-4495-B201-4EC0EA5ED635}.Debug|Win32.ActiveCfg = Debug|Win32
		{36832F70-6C9C-4495-B201-4EC0EA5ED635}.Debug|Win32.Build.0 = Debug|Win32
		{36832F70-6C9C-4495-B201-4EC0EA5ED635}.Release|Win32.ActiveCfg = Release|Win32
		{36832F70-6C9C-4495-B201-4EC0EA5ED635}.Release|Win32.Build.0 = Release|Win32
		{36832F70-6C9C-4495-B201-4EC0EA5ED635}.MinSizeRel|Win32.ActiveCfg = MinSizeRel|Win32
		{36832F70-6C9C-4495-B201-4EC0EA5ED635}.MinSizeRel|Win32.Build.0 = MinSizeRel|Win32
		{36832F70-6C9C-4495-B201-4EC0EA5ED635}.RelWithDebInfo|Win32.ActiveCfg = RelWithDebInfo|Win32
		{36832F70-6C9C-4495-B201-4EC0EA5ED635}.RelWithDebInfo|Win32.Build.0 = RelWithDebInfo|Win32
	EndGlobalSection
	GlobalSection(ExtensibilityGlobals) = postSolution
	EndGlobalSection
	GlobalSection(ExtensibilityAddIns) = postSolution
	EndGlobalSection
EndGlobal
