Microsoft Visual Studio Solution File, Format Version 9.00
# Visual Studio 2005
Project("{8BC9CEB8-8B4A-11D0-8D11-00A0C91BC942}") = "ALL_BUILD", ".\ALL_BUILD.vcproj", "{5DE34417-85FD-450D-B5C7-4B7656068AB8}"
	ProjectSection(ProjectDependencies) = postProject
		{D779052F-4685-45B0-960F-AFC62A0D7E73} = {D779052F-4685-45B0-960F-AFC62A0D7E73}
		{9F325D72-61B9-4FB4-AA5D-1FA4EA1C9FCB} = {9F325D72-61B9-4FB4-AA5D-1FA4EA1C9FCB}
		{FFE80203-820D-4414-9468-F50EC7EFBBE4} = {FFE80203-820D-4414-9468-F50EC7EFBBE4}
		{9D26F381-2176-462A-9B24-215B7A2E0B6A} = {9D26F381-2176-462A-9B24-215B7A2E0B6A}
		{322B03C6-6EB2-49E5-A36F-FAEABDFFB310} = {322B03C6-6EB2-49E5-A36F-FAEABDFFB310}
		{34B634E9-F57C-416D-B810-428EC9095E12} = {34B634E9-F57C-416D-B810-428EC9095E12}
		{0965CE7A-A482-40A7-90AA-1F59F4FFEE6B} = {0965CE7A-A482-40A7-90AA-1F59F4FFEE6B}
		{99CBBF04-8687-4494-810D-786FD05A4986} = {99CBBF04-8687-4494-810D-786FD05A4986}
		{D861045F-A5D1-43F6-808F-754C38197FDB} = {D861045F-A5D1-43F6-808F-754C38197FDB}
		{0DA9375B-1C1E-4FA0-8905-91B7600DAD8B} = {0DA9375B-1C1E-4FA0-8905-91B7600DAD8B}
		{C98D91AE-6AD6-4221-8C4C-D307D92DF1A2} = {C98D91AE-6AD6-4221-8C4C-D307D92DF1A2}
		{4C4B8426-38D6-45BA-BCC4-9E4B68370EEF} = {4C4B8426-38D6-45BA-BCC4-9E4B68370EEF}
		{B51FB296-836A-4E92-BAB0-72540000C7CB} = {B51FB296-836A-4E92-BAB0-72540000C7CB}
		{CA7C389D-6D03-441B-8920-B69A34405E6B} = {CA7C389D-6D03-441B-8920-B69A34405E6B}
		{883A687F-0066-47AE-8961-FC070F57EA5E} = {883A687F-0066-47AE-8961-FC070F57EA5E}
		{8D60937D-C676-4AB2-BE2A-0B0E0EF4EBBB} = {8D60937D-C676-4AB2-BE2A-0B0E0EF4EBBB}
		{9E5F065E-4048-4C5D-9AE9-4359C3B070C7} = {9E5F065E-4048-4C5D-9AE9-4359C3B070C7}
		{011EDDAA-3073-4A7A-B12B-54FEE9666E9A} = {011EDDAA-3073-4A7A-B12B-54FEE9666E9A}
		{DC7D4E37-A414-4020-B919-6ECF6AC8BE92} = {DC7D4E37-A414-4020-B919-6ECF6AC8BE92}
		{46819601-320D-4001-8831-80B8DF27ECA9} = {46819601-320D-4001-8831-80B8DF27ECA9}
		{B9311ADE-9136-46F6-980F-54CD5D0122A4} = {B9311ADE-9136-46F6-980F-54CD5D0122A4}
		{7C61186C-90A8-4CD3-9560-2D6BCAD1AE40} = {7C61186C-90A8-4CD3-9560-2D6BCAD1AE40}
		{A7A347A9-5EAD-4964-8D0D-461B708AC312} = {A7A347A9-5EAD-4964-8D0D-461B708AC312}
		{76D25136-E382-4359-98DD-3F869F457603} = {76D25136-E382-4359-98DD-3F869F457603}
		{7F90F7EC-5E0B-452B-88E5-792DB87F6D2E} = {7F90F7EC-5E0B-452B-88E5-792DB87F6D2E}
		{AAF47D18-A727-47DA-A679-F1A7B3752824} = {AAF47D18-A727-47DA-A679-F1A7B3752824}
		{94408E33-0234-4E2C-A857-C77EDC387EF4} = {94408E33-0234-4E2C-A857-C77EDC387EF4}
	EndProjectSection
EndProject
Project("{8BC9CEB8-8B4A-11D0-8D11-00A0C91BC942}") = "Demo_Colour", "Demos\Demo_Colour\Demo_Colour.vcproj", "{D779052F-4685-45B0-960F-AFC62A0D7E73}"
	ProjectSection(ProjectDependencies) = postProject
		{9E5F065E-4048-4C5D-9AE9-4359C3B070C7} = {9E5F065E-4048-4C5D-9AE9-4359C3B070C7}
		{8D60937D-C676-4AB2-BE2A-0B0E0EF4EBBB} = {8D60937D-C676-4AB2-BE2A-0B0E0EF4EBBB}
		{8D60937D-C676-4AB2-BE2A-0B0E0EF4EBBB} = {8D60937D-C676-4AB2-BE2A-0B0E0EF4EBBB}
		{9E5F065E-4048-4C5D-9AE9-4359C3B070C7} = {9E5F065E-4048-4C5D-9AE9-4359C3B070C7}
	EndProjectSection
EndProject
Project("{8BC9CEB8-8B4A-11D0-8D11-00A0C91BC942}") = "Demo_Console", "Demos\Demo_Console\Demo_Console.vcproj", "{9F325D72-61B9-4FB4-AA5D-1FA4EA1C9FCB}"
	ProjectSection(ProjectDependencies) = postProject
		{9E5F065E-4048-4C5D-9AE9-4359C3B070C7} = {9E5F065E-4048-4C5D-9AE9-4359C3B070C7}
		{8D60937D-C676-4AB2-BE2A-0B0E0EF4EBBB} = {8D60937D-C676-4AB2-BE2A-0B0E0EF4EBBB}
		{8D60937D-C676-4AB2-BE2A-0B0E0EF4EBBB} = {8D60937D-C676-4AB2-BE2A-0B0E0EF4EBBB}
		{9E5F065E-4048-4C5D-9AE9-4359C3B070C7} = {9E5F065E-4048-4C5D-9AE9-4359C3B070C7}
	EndProjectSection
EndProject
Project("{8BC9CEB8-8B4A-11D0-8D11-00A0C91BC942}") = "Demo_Controllers", "Demos\Demo_Controllers\Demo_Controllers.vcproj", "{FFE80203-820D-4414-9468-F50EC7EFBBE4}"
	ProjectSection(ProjectDependencies) = postProject
		{9E5F065E-4048-4C5D-9AE9-4359C3B070C7} = {9E5F065E-4048-4C5D-9AE9-4359C3B070C7}
		{8D60937D-C676-4AB2-BE2A-0B0E0EF4EBBB} = {8D60937D-C676-4AB2-BE2A-0B0E0EF4EBBB}
		{8D60937D-C676-4AB2-BE2A-0B0E0EF4EBBB} = {8D60937D-C676-4AB2-BE2A-0B0E0EF4EBBB}
		{9E5F065E-4048-4C5D-9AE9-4359C3B070C7} = {9E5F065E-4048-4C5D-9AE9-4359C3B070C7}
	EndProjectSection
EndProject
Project("{8BC9CEB8-8B4A-11D0-8D11-00A0C91BC942}") = "Demo_Gui", "Demos\Demo_Gui\Demo_Gui.vcproj", "{9D26F381-2176-462A-9B24-215B7A2E0B6A}"
	ProjectSection(ProjectDependencies) = postProject
		{9E5F065E-4048-4C5D-9AE9-4359C3B070C7} = {9E5F065E-4048-4C5D-9AE9-4359C3B070C7}
		{8D60937D-C676-4AB2-BE2A-0B0E0EF4EBBB} = {8D60937D-C676-4AB2-BE2A-0B0E0EF4EBBB}
		{8D60937D-C676-4AB2-BE2A-0B0E0EF4EBBB} = {8D60937D-C676-4AB2-BE2A-0B0E0EF4EBBB}
		{9E5F065E-4048-4C5D-9AE9-4359C3B070C7} = {9E5F065E-4048-4C5D-9AE9-4359C3B070C7}
	EndProjectSection
EndProject
Project("{8BC9CEB8-8B4A-11D0-8D11-00A0C91BC942}") = "Demo_ItemBox", "Demos\Demo_ItemBox\Demo_ItemBox.vcproj", "{322B03C6-6EB2-49E5-A36F-FAEABDFFB310}"
	ProjectSection(ProjectDependencies) = postProject
		{9E5F065E-4048-4C5D-9AE9-4359C3B070C7} = {9E5F065E-4048-4C5D-9AE9-4359C3B070C7}
		{8D60937D-C676-4AB2-BE2A-0B0E0EF4EBBB} = {8D60937D-C676-4AB2-BE2A-0B0E0EF4EBBB}
		{8D60937D-C676-4AB2-BE2A-0B0E0EF4EBBB} = {8D60937D-C676-4AB2-BE2A-0B0E0EF4EBBB}
		{9E5F065E-4048-4C5D-9AE9-4359C3B070C7} = {9E5F065E-4048-4C5D-9AE9-4359C3B070C7}
	EndProjectSection
EndProject
Project("{8BC9CEB8-8B4A-11D0-8D11-00A0C91BC942}") = "Demo_PanelView", "Demos\Demo_PanelView\Demo_PanelView.vcproj", "{34B634E9-F57C-416D-B810-428EC9095E12}"
	ProjectSection(ProjectDependencies) = postProject
		{9E5F065E-4048-4C5D-9AE9-4359C3B070C7} = {9E5F065E-4048-4C5D-9AE9-4359C3B070C7}
		{8D60937D-C676-4AB2-BE2A-0B0E0EF4EBBB} = {8D60937D-C676-4AB2-BE2A-0B0E0EF4EBBB}
		{8D60937D-C676-4AB2-BE2A-0B0E0EF4EBBB} = {8D60937D-C676-4AB2-BE2A-0B0E0EF4EBBB}
		{9E5F065E-4048-4C5D-9AE9-4359C3B070C7} = {9E5F065E-4048-4C5D-9AE9-4359C3B070C7}
	EndProjectSection
EndProject
Project("{8BC9CEB8-8B4A-11D0-8D11-00A0C91BC942}") = "Demo_Picking", "Demos\Demo_Picking\Demo_Picking.vcproj", "{0965CE7A-A482-40A7-90AA-1F59F4FFEE6B}"
	ProjectSection(ProjectDependencies) = postProject
		{9E5F065E-4048-4C5D-9AE9-4359C3B070C7} = {9E5F065E-4048-4C5D-9AE9-4359C3B070C7}
		{8D60937D-C676-4AB2-BE2A-0B0E0EF4EBBB} = {8D60937D-C676-4AB2-BE2A-0B0E0EF4EBBB}
		{8D60937D-C676-4AB2-BE2A-0B0E0EF4EBBB} = {8D60937D-C676-4AB2-BE2A-0B0E0EF4EBBB}
		{9E5F065E-4048-4C5D-9AE9-4359C3B070C7} = {9E5F065E-4048-4C5D-9AE9-4359C3B070C7}
	EndProjectSection
EndProject
Project("{8BC9CEB8-8B4A-11D0-8D11-00A0C91BC942}") = "Demo_PluginStrangeButton", "Demos\Demo_PluginStrangeButton\Demo_PluginStrangeButton.vcproj", "{99CBBF04-8687-4494-810D-786FD05A4986}"
	ProjectSection(ProjectDependencies) = postProject
		{9E5F065E-4048-4C5D-9AE9-4359C3B070C7} = {9E5F065E-4048-4C5D-9AE9-4359C3B070C7}
		{8D60937D-C676-4AB2-BE2A-0B0E0EF4EBBB} = {8D60937D-C676-4AB2-BE2A-0B0E0EF4EBBB}
		{8D60937D-C676-4AB2-BE2A-0B0E0EF4EBBB} = {8D60937D-C676-4AB2-BE2A-0B0E0EF4EBBB}
		{9E5F065E-4048-4C5D-9AE9-4359C3B070C7} = {9E5F065E-4048-4C5D-9AE9-4359C3B070C7}
		{011EDDAA-3073-4A7A-B12B-54FEE9666E9A} = {011EDDAA-3073-4A7A-B12B-54FEE9666E9A}
	EndProjectSection
EndProject
Project("{8BC9CEB8-8B4A-11D0-8D11-00A0C91BC942}") = "Demo_Pointers", "Demos\Demo_Pointers\Demo_Pointers.vcproj", "{D861045F-A5D1-43F6-808F-754C38197FDB}"
	ProjectSection(ProjectDependencies) = postProject
		{9E5F065E-4048-4C5D-9AE9-4359C3B070C7} = {9E5F065E-4048-4C5D-9AE9-4359C3B070C7}
		{8D60937D-C676-4AB2-BE2A-0B0E0EF4EBBB} = {8D60937D-C676-4AB2-BE2A-0B0E0EF4EBBB}
		{8D60937D-C676-4AB2-BE2A-0B0E0EF4EBBB} = {8D60937D-C676-4AB2-BE2A-0B0E0EF4EBBB}
		{9E5F065E-4048-4C5D-9AE9-4359C3B070C7} = {9E5F065E-4048-4C5D-9AE9-4359C3B070C7}
	EndProjectSection
EndProject
Project("{8BC9CEB8-8B4A-11D0-8D11-00A0C91BC942}") = "Demo_RenderBox", "Demos\Demo_RenderBox\Demo_RenderBox.vcproj", "{0DA9375B-1C1E-4FA0-8905-91B7600DAD8B}"
	ProjectSection(ProjectDependencies) = postProject
		{9E5F065E-4048-4C5D-9AE9-4359C3B070C7} = {9E5F065E-4048-4C5D-9AE9-4359C3B070C7}
		{8D60937D-C676-4AB2-BE2A-0B0E0EF4EBBB} = {8D60937D-C676-4AB2-BE2A-0B0E0EF4EBBB}
		{8D60937D-C676-4AB2-BE2A-0B0E0EF4EBBB} = {8D60937D-C676-4AB2-BE2A-0B0E0EF4EBBB}
		{9E5F065E-4048-4C5D-9AE9-4359C3B070C7} = {9E5F065E-4048-4C5D-9AE9-4359C3B070C7}
	EndProjectSection
EndProject
Project("{8BC9CEB8-8B4A-11D0-8D11-00A0C91BC942}") = "Demo_ScrollView", "Demos\Demo_ScrollView\Demo_ScrollView.vcproj", "{C98D91AE-6AD6-4221-8C4C-D307D92DF1A2}"
	ProjectSection(ProjectDependencies) = postProject
		{9E5F065E-4048-4C5D-9AE9-4359C3B070C7} = {9E5F065E-4048-4C5D-9AE9-4359C3B070C7}
		{8D60937D-C676-4AB2-BE2A-0B0E0EF4EBBB} = {8D60937D-C676-4AB2-BE2A-0B0E0EF4EBBB}
		{8D60937D-C676-4AB2-BE2A-0B0E0EF4EBBB} = {8D60937D-C676-4AB2-BE2A-0B0E0EF4EBBB}
		{9E5F065E-4048-4C5D-9AE9-4359C3B070C7} = {9E5F065E-4048-4C5D-9AE9-4359C3B070C7}
	EndProjectSection
EndProject
Project("{8BC9CEB8-8B4A-11D0-8D11-00A0C91BC942}") = "Demo_Themes", "Demos\Demo_Themes\Demo_Themes.vcproj", "{4C4B8426-38D6-45BA-BCC4-9E4B68370EEF}"
	ProjectSection(ProjectDependencies) = postProject
		{9E5F065E-4048-4C5D-9AE9-4359C3B070C7} = {9E5F065E-4048-4C5D-9AE9-4359C3B070C7}
		{8D60937D-C676-4AB2-BE2A-0B0E0EF4EBBB} = {8D60937D-C676-4AB2-BE2A-0B0E0EF4EBBB}
		{8D60937D-C676-4AB2-BE2A-0B0E0EF4EBBB} = {8D60937D-C676-4AB2-BE2A-0B0E0EF4EBBB}
		{9E5F065E-4048-4C5D-9AE9-4359C3B070C7} = {9E5F065E-4048-4C5D-9AE9-4359C3B070C7}
	EndProjectSection
EndProject
Project("{8BC9CEB8-8B4A-11D0-8D11-00A0C91BC942}") = "FontViewer", "Tools\FontViewer\FontViewer.vcproj", "{B51FB296-836A-4E92-BAB0-72540000C7CB}"
	ProjectSection(ProjectDependencies) = postProject
		{9E5F065E-4048-4C5D-9AE9-4359C3B070C7} = {9E5F065E-4048-4C5D-9AE9-4359C3B070C7}
		{8D60937D-C676-4AB2-BE2A-0B0E0EF4EBBB} = {8D60937D-C676-4AB2-BE2A-0B0E0EF4EBBB}
		{8D60937D-C676-4AB2-BE2A-0B0E0EF4EBBB} = {8D60937D-C676-4AB2-BE2A-0B0E0EF4EBBB}
		{9E5F065E-4048-4C5D-9AE9-4359C3B070C7} = {9E5F065E-4048-4C5D-9AE9-4359C3B070C7}
	EndProjectSection
EndProject
Project("{8BC9CEB8-8B4A-11D0-8D11-00A0C91BC942}") = "INSTALL", ".\INSTALL.vcproj", "{65CE5E25-0282-411C-B536-253CA1CC94B3}"
	ProjectSection(ProjectDependencies) = postProject
		{5DE34417-85FD-450D-B5C7-4B7656068AB8} = {5DE34417-85FD-450D-B5C7-4B7656068AB8}
	EndProjectSection
EndProject
Project("{8BC9CEB8-8B4A-11D0-8D11-00A0C91BC942}") = "ImageSetViewer", "Tools\ImageSetViewer\ImageSetViewer.vcproj", "{CA7C389D-6D03-441B-8920-B69A34405E6B}"
	ProjectSection(ProjectDependencies) = postProject
		{9E5F065E-4048-4C5D-9AE9-4359C3B070C7} = {9E5F065E-4048-4C5D-9AE9-4359C3B070C7}
		{8D60937D-C676-4AB2-BE2A-0B0E0EF4EBBB} = {8D60937D-C676-4AB2-BE2A-0B0E0EF4EBBB}
		{8D60937D-C676-4AB2-BE2A-0B0E0EF4EBBB} = {8D60937D-C676-4AB2-BE2A-0B0E0EF4EBBB}
		{9E5F065E-4048-4C5D-9AE9-4359C3B070C7} = {9E5F065E-4048-4C5D-9AE9-4359C3B070C7}
	EndProjectSection
EndProject
Project("{8BC9CEB8-8B4A-11D0-8D11-00A0C91BC942}") = "LayoutEditor", "Tools\LayoutEditor\LayoutEditor.vcproj", "{883A687F-0066-47AE-8961-FC070F57EA5E}"
	ProjectSection(ProjectDependencies) = postProject
		{9E5F065E-4048-4C5D-9AE9-4359C3B070C7} = {9E5F065E-4048-4C5D-9AE9-4359C3B070C7}
		{8D60937D-C676-4AB2-BE2A-0B0E0EF4EBBB} = {8D60937D-C676-4AB2-BE2A-0B0E0EF4EBBB}
		{8D60937D-C676-4AB2-BE2A-0B0E0EF4EBBB} = {8D60937D-C676-4AB2-BE2A-0B0E0EF4EBBB}
		{9E5F065E-4048-4C5D-9AE9-4359C3B070C7} = {9E5F065E-4048-4C5D-9AE9-4359C3B070C7}
	EndProjectSection
EndProject
Project("{8BC9CEB8-8B4A-11D0-8D11-00A0C91BC942}") = "MyGUI.DirectXPlatform", "Platforms\DirectX\DirectXPlatform\MyGUI.DirectXPlatform.vcproj", "{8D60937D-C676-4AB2-BE2A-0B0E0EF4EBBB}"
	ProjectSection(ProjectDependencies) = postProject
		{9E5F065E-4048-4C5D-9AE9-4359C3B070C7} = {9E5F065E-4048-4C5D-9AE9-4359C3B070C7}
	EndProjectSection
EndProject
Project("{8BC9CEB8-8B4A-11D0-8D11-00A0C91BC942}") = "MyGUIEngine", "MyGUIEngine\MyGUIEngine.vcproj", "{9E5F065E-4048-4C5D-9AE9-4359C3B070C7}"
	ProjectSection(ProjectDependencies) = postProject
	EndProjectSection
EndProject
Project("{8BC9CEB8-8B4A-11D0-8D11-00A0C91BC942}") = "Plugin_StrangeButton", "Plugins\Plugin_StrangeButton\Plugin_StrangeButton.vcproj", "{011EDDAA-3073-4A7A-B12B-54FEE9666E9A}"
	ProjectSection(ProjectDependencies) = postProject
		{9E5F065E-4048-4C5D-9AE9-4359C3B070C7} = {9E5F065E-4048-4C5D-9AE9-4359C3B070C7}
		{9E5F065E-4048-4C5D-9AE9-4359C3B070C7} = {9E5F065E-4048-4C5D-9AE9-4359C3B070C7}
	EndProjectSection
EndProject
Project("{8BC9CEB8-8B4A-11D0-8D11-00A0C91BC942}") = "TestApp", "UnitTests\TestApp\TestApp.vcproj", "{DC7D4E37-A414-4020-B919-6ECF6AC8BE92}"
	ProjectSection(ProjectDependencies) = postProject
		{9E5F065E-4048-4C5D-9AE9-4359C3B070C7} = {9E5F065E-4048-4C5D-9AE9-4359C3B070C7}
		{8D60937D-C676-4AB2-BE2A-0B0E0EF4EBBB} = {8D60937D-C676-4AB2-BE2A-0B0E0EF4EBBB}
		{8D60937D-C676-4AB2-BE2A-0B0E0EF4EBBB} = {8D60937D-C676-4AB2-BE2A-0B0E0EF4EBBB}
		{9E5F065E-4048-4C5D-9AE9-4359C3B070C7} = {9E5F065E-4048-4C5D-9AE9-4359C3B070C7}
	EndProjectSection
EndProject
Project("{8BC9CEB8-8B4A-11D0-8D11-00A0C91BC942}") = "UnitTest_AttachDetach", "UnitTests\UnitTest_AttachDetach\UnitTest_AttachDetach.vcproj", "{46819601-320D-4001-8831-80B8DF27ECA9}"
	ProjectSection(ProjectDependencies) = postProject
		{9E5F065E-4048-4C5D-9AE9-4359C3B070C7} = {9E5F065E-4048-4C5D-9AE9-4359C3B070C7}
		{8D60937D-C676-4AB2-BE2A-0B0E0EF4EBBB} = {8D60937D-C676-4AB2-BE2A-0B0E0EF4EBBB}
		{8D60937D-C676-4AB2-BE2A-0B0E0EF4EBBB} = {8D60937D-C676-4AB2-BE2A-0B0E0EF4EBBB}
		{9E5F065E-4048-4C5D-9AE9-4359C3B070C7} = {9E5F065E-4048-4C5D-9AE9-4359C3B070C7}
	EndProjectSection
EndProject
Project("{8BC9CEB8-8B4A-11D0-8D11-00A0C91BC942}") = "UnitTest_Containers", "UnitTests\UnitTest_Containers\UnitTest_Containers.vcproj", "{B9311ADE-9136-46F6-980F-54CD5D0122A4}"
	ProjectSection(ProjectDependencies) = postProject
		{9E5F065E-4048-4C5D-9AE9-4359C3B070C7} = {9E5F065E-4048-4C5D-9AE9-4359C3B070C7}
		{8D60937D-C676-4AB2-BE2A-0B0E0EF4EBBB} = {8D60937D-C676-4AB2-BE2A-0B0E0EF4EBBB}
		{8D60937D-C676-4AB2-BE2A-0B0E0EF4EBBB} = {8D60937D-C676-4AB2-BE2A-0B0E0EF4EBBB}
		{9E5F065E-4048-4C5D-9AE9-4359C3B070C7} = {9E5F065E-4048-4C5D-9AE9-4359C3B070C7}
	EndProjectSection
EndProject
Project("{8BC9CEB8-8B4A-11D0-8D11-00A0C91BC942}") = "UnitTest_ItemBox_Info", "UnitTests\UnitTest_ItemBox_Info\UnitTest_ItemBox_Info.vcproj", "{7C61186C-90A8-4CD3-9560-2D6BCAD1AE40}"
	ProjectSection(ProjectDependencies) = postProject
		{9E5F065E-4048-4C5D-9AE9-4359C3B070C7} = {9E5F065E-4048-4C5D-9AE9-4359C3B070C7}
		{8D60937D-C676-4AB2-BE2A-0B0E0EF4EBBB} = {8D60937D-C676-4AB2-BE2A-0B0E0EF4EBBB}
		{8D60937D-C676-4AB2-BE2A-0B0E0EF4EBBB} = {8D60937D-C676-4AB2-BE2A-0B0E0EF4EBBB}
		{9E5F065E-4048-4C5D-9AE9-4359C3B070C7} = {9E5F065E-4048-4C5D-9AE9-4359C3B070C7}
	EndProjectSection
EndProject
Project("{8BC9CEB8-8B4A-11D0-8D11-00A0C91BC942}") = "UnitTest_Layers", "UnitTests\UnitTest_Layers\UnitTest_Layers.vcproj", "{A7A347A9-5EAD-4964-8D0D-461B708AC312}"
	ProjectSection(ProjectDependencies) = postProject
		{9E5F065E-4048-4C5D-9AE9-4359C3B070C7} = {9E5F065E-4048-4C5D-9AE9-4359C3B070C7}
		{8D60937D-C676-4AB2-BE2A-0B0E0EF4EBBB} = {8D60937D-C676-4AB2-BE2A-0B0E0EF4EBBB}
		{8D60937D-C676-4AB2-BE2A-0B0E0EF4EBBB} = {8D60937D-C676-4AB2-BE2A-0B0E0EF4EBBB}
		{9E5F065E-4048-4C5D-9AE9-4359C3B070C7} = {9E5F065E-4048-4C5D-9AE9-4359C3B070C7}
	EndProjectSection
EndProject
Project("{8BC9CEB8-8B4A-11D0-8D11-00A0C91BC942}") = "UnitTest_MultiList", "UnitTests\UnitTest_MultiList\UnitTest_MultiList.vcproj", "{76D25136-E382-4359-98DD-3F869F457603}"
	ProjectSection(ProjectDependencies) = postProject
		{9E5F065E-4048-4C5D-9AE9-4359C3B070C7} = {9E5F065E-4048-4C5D-9AE9-4359C3B070C7}
		{8D60937D-C676-4AB2-BE2A-0B0E0EF4EBBB} = {8D60937D-C676-4AB2-BE2A-0B0E0EF4EBBB}
		{8D60937D-C676-4AB2-BE2A-0B0E0EF4EBBB} = {8D60937D-C676-4AB2-BE2A-0B0E0EF4EBBB}
		{9E5F065E-4048-4C5D-9AE9-4359C3B070C7} = {9E5F065E-4048-4C5D-9AE9-4359C3B070C7}
	EndProjectSection
EndProject
Project("{8BC9CEB8-8B4A-11D0-8D11-00A0C91BC942}") = "UnitTest_RTTLayer", "UnitTests\UnitTest_RTTLayer\UnitTest_RTTLayer.vcproj", "{7F90F7EC-5E0B-452B-88E5-792DB87F6D2E}"
	ProjectSection(ProjectDependencies) = postProject
		{9E5F065E-4048-4C5D-9AE9-4359C3B070C7} = {9E5F065E-4048-4C5D-9AE9-4359C3B070C7}
		{8D60937D-C676-4AB2-BE2A-0B0E0EF4EBBB} = {8D60937D-C676-4AB2-BE2A-0B0E0EF4EBBB}
		{8D60937D-C676-4AB2-BE2A-0B0E0EF4EBBB} = {8D60937D-C676-4AB2-BE2A-0B0E0EF4EBBB}
		{9E5F065E-4048-4C5D-9AE9-4359C3B070C7} = {9E5F065E-4048-4C5D-9AE9-4359C3B070C7}
	EndProjectSection
EndProject
Project("{8BC9CEB8-8B4A-11D0-8D11-00A0C91BC942}") = "UnitTest_TextureAnimations", "UnitTests\UnitTest_TextureAnimations\UnitTest_TextureAnimations.vcproj", "{AAF47D18-A727-47DA-A679-F1A7B3752824}"
	ProjectSection(ProjectDependencies) = postProject
		{9E5F065E-4048-4C5D-9AE9-4359C3B070C7} = {9E5F065E-4048-4C5D-9AE9-4359C3B070C7}
		{8D60937D-C676-4AB2-BE2A-0B0E0EF4EBBB} = {8D60937D-C676-4AB2-BE2A-0B0E0EF4EBBB}
		{8D60937D-C676-4AB2-BE2A-0B0E0EF4EBBB} = {8D60937D-C676-4AB2-BE2A-0B0E0EF4EBBB}
		{9E5F065E-4048-4C5D-9AE9-4359C3B070C7} = {9E5F065E-4048-4C5D-9AE9-4359C3B070C7}
	EndProjectSection
EndProject
Project("{8BC9CEB8-8B4A-11D0-8D11-00A0C91BC942}") = "UnitTest_TreeControl", "UnitTests\UnitTest_TreeControl\UnitTest_TreeControl.vcproj", "{94408E33-0234-4E2C-A857-C77EDC387EF4}"
	ProjectSection(ProjectDependencies) = postProject
		{9E5F065E-4048-4C5D-9AE9-4359C3B070C7} = {9E5F065E-4048-4C5D-9AE9-4359C3B070C7}
		{8D60937D-C676-4AB2-BE2A-0B0E0EF4EBBB} = {8D60937D-C676-4AB2-BE2A-0B0E0EF4EBBB}
		{8D60937D-C676-4AB2-BE2A-0B0E0EF4EBBB} = {8D60937D-C676-4AB2-BE2A-0B0E0EF4EBBB}
		{9E5F065E-4048-4C5D-9AE9-4359C3B070C7} = {9E5F065E-4048-4C5D-9AE9-4359C3B070C7}
	EndProjectSection
EndProject
Global
	GlobalSection(SolutionConfigurationPlatforms) = preSolution
		Debug|Win32 = Debug|Win32
		Release|Win32 = Release|Win32
		MinSizeRel|Win32 = MinSizeRel|Win32
		RelWithDebInfo|Win32 = RelWithDebInfo|Win32
	EndGlobalSection
	GlobalSection(ProjectConfigurationPlatforms) = postSolution
		{5DE34417-85FD-450D-B5C7-4B7656068AB8}.Debug|Win32.ActiveCfg = Debug|Win32
		{5DE34417-85FD-450D-B5C7-4B7656068AB8}.Debug|Win32.Build.0 = Debug|Win32
		{5DE34417-85FD-450D-B5C7-4B7656068AB8}.Release|Win32.ActiveCfg = Release|Win32
		{5DE34417-85FD-450D-B5C7-4B7656068AB8}.Release|Win32.Build.0 = Release|Win32
		{5DE34417-85FD-450D-B5C7-4B7656068AB8}.MinSizeRel|Win32.ActiveCfg = MinSizeRel|Win32
		{5DE34417-85FD-450D-B5C7-4B7656068AB8}.MinSizeRel|Win32.Build.0 = MinSizeRel|Win32
		{5DE34417-85FD-450D-B5C7-4B7656068AB8}.RelWithDebInfo|Win32.ActiveCfg = RelWithDebInfo|Win32
		{5DE34417-85FD-450D-B5C7-4B7656068AB8}.RelWithDebInfo|Win32.Build.0 = RelWithDebInfo|Win32
		{5DE34417-85FD-450D-B5C7-4B7656068AB8}.Debug|Win32.ActiveCfg = Debug|Win32
		{5DE34417-85FD-450D-B5C7-4B7656068AB8}.Debug|Win32.Build.0 = Debug|Win32
		{5DE34417-85FD-450D-B5C7-4B7656068AB8}.Release|Win32.ActiveCfg = Release|Win32
		{5DE34417-85FD-450D-B5C7-4B7656068AB8}.Release|Win32.Build.0 = Release|Win32
		{5DE34417-85FD-450D-B5C7-4B7656068AB8}.MinSizeRel|Win32.ActiveCfg = MinSizeRel|Win32
		{5DE34417-85FD-450D-B5C7-4B7656068AB8}.MinSizeRel|Win32.Build.0 = MinSizeRel|Win32
		{5DE34417-85FD-450D-B5C7-4B7656068AB8}.RelWithDebInfo|Win32.ActiveCfg = RelWithDebInfo|Win32
		{5DE34417-85FD-450D-B5C7-4B7656068AB8}.RelWithDebInfo|Win32.Build.0 = RelWithDebInfo|Win32
		{D779052F-4685-45B0-960F-AFC62A0D7E73}.Debug|Win32.ActiveCfg = Debug|Win32
		{D779052F-4685-45B0-960F-AFC62A0D7E73}.Debug|Win32.Build.0 = Debug|Win32
		{D779052F-4685-45B0-960F-AFC62A0D7E73}.Release|Win32.ActiveCfg = Release|Win32
		{D779052F-4685-45B0-960F-AFC62A0D7E73}.Release|Win32.Build.0 = Release|Win32
		{D779052F-4685-45B0-960F-AFC62A0D7E73}.MinSizeRel|Win32.ActiveCfg = MinSizeRel|Win32
		{D779052F-4685-45B0-960F-AFC62A0D7E73}.MinSizeRel|Win32.Build.0 = MinSizeRel|Win32
		{D779052F-4685-45B0-960F-AFC62A0D7E73}.RelWithDebInfo|Win32.ActiveCfg = RelWithDebInfo|Win32
		{D779052F-4685-45B0-960F-AFC62A0D7E73}.RelWithDebInfo|Win32.Build.0 = RelWithDebInfo|Win32
		{9F325D72-61B9-4FB4-AA5D-1FA4EA1C9FCB}.Debug|Win32.ActiveCfg = Debug|Win32
		{9F325D72-61B9-4FB4-AA5D-1FA4EA1C9FCB}.Debug|Win32.Build.0 = Debug|Win32
		{9F325D72-61B9-4FB4-AA5D-1FA4EA1C9FCB}.Release|Win32.ActiveCfg = Release|Win32
		{9F325D72-61B9-4FB4-AA5D-1FA4EA1C9FCB}.Release|Win32.Build.0 = Release|Win32
		{9F325D72-61B9-4FB4-AA5D-1FA4EA1C9FCB}.MinSizeRel|Win32.ActiveCfg = MinSizeRel|Win32
		{9F325D72-61B9-4FB4-AA5D-1FA4EA1C9FCB}.MinSizeRel|Win32.Build.0 = MinSizeRel|Win32
		{9F325D72-61B9-4FB4-AA5D-1FA4EA1C9FCB}.RelWithDebInfo|Win32.ActiveCfg = RelWithDebInfo|Win32
		{9F325D72-61B9-4FB4-AA5D-1FA4EA1C9FCB}.RelWithDebInfo|Win32.Build.0 = RelWithDebInfo|Win32
		{FFE80203-820D-4414-9468-F50EC7EFBBE4}.Debug|Win32.ActiveCfg = Debug|Win32
		{FFE80203-820D-4414-9468-F50EC7EFBBE4}.Debug|Win32.Build.0 = Debug|Win32
		{FFE80203-820D-4414-9468-F50EC7EFBBE4}.Release|Win32.ActiveCfg = Release|Win32
		{FFE80203-820D-4414-9468-F50EC7EFBBE4}.Release|Win32.Build.0 = Release|Win32
		{FFE80203-820D-4414-9468-F50EC7EFBBE4}.MinSizeRel|Win32.ActiveCfg = MinSizeRel|Win32
		{FFE80203-820D-4414-9468-F50EC7EFBBE4}.MinSizeRel|Win32.Build.0 = MinSizeRel|Win32
		{FFE80203-820D-4414-9468-F50EC7EFBBE4}.RelWithDebInfo|Win32.ActiveCfg = RelWithDebInfo|Win32
		{FFE80203-820D-4414-9468-F50EC7EFBBE4}.RelWithDebInfo|Win32.Build.0 = RelWithDebInfo|Win32
		{9D26F381-2176-462A-9B24-215B7A2E0B6A}.Debug|Win32.ActiveCfg = Debug|Win32
		{9D26F381-2176-462A-9B24-215B7A2E0B6A}.Debug|Win32.Build.0 = Debug|Win32
		{9D26F381-2176-462A-9B24-215B7A2E0B6A}.Release|Win32.ActiveCfg = Release|Win32
		{9D26F381-2176-462A-9B24-215B7A2E0B6A}.Release|Win32.Build.0 = Release|Win32
		{9D26F381-2176-462A-9B24-215B7A2E0B6A}.MinSizeRel|Win32.ActiveCfg = MinSizeRel|Win32
		{9D26F381-2176-462A-9B24-215B7A2E0B6A}.MinSizeRel|Win32.Build.0 = MinSizeRel|Win32
		{9D26F381-2176-462A-9B24-215B7A2E0B6A}.RelWithDebInfo|Win32.ActiveCfg = RelWithDebInfo|Win32
		{9D26F381-2176-462A-9B24-215B7A2E0B6A}.RelWithDebInfo|Win32.Build.0 = RelWithDebInfo|Win32
		{322B03C6-6EB2-49E5-A36F-FAEABDFFB310}.Debug|Win32.ActiveCfg = Debug|Win32
		{322B03C6-6EB2-49E5-A36F-FAEABDFFB310}.Debug|Win32.Build.0 = Debug|Win32
		{322B03C6-6EB2-49E5-A36F-FAEABDFFB310}.Release|Win32.ActiveCfg = Release|Win32
		{322B03C6-6EB2-49E5-A36F-FAEABDFFB310}.Release|Win32.Build.0 = Release|Win32
		{322B03C6-6EB2-49E5-A36F-FAEABDFFB310}.MinSizeRel|Win32.ActiveCfg = MinSizeRel|Win32
		{322B03C6-6EB2-49E5-A36F-FAEABDFFB310}.MinSizeRel|Win32.Build.0 = MinSizeRel|Win32
		{322B03C6-6EB2-49E5-A36F-FAEABDFFB310}.RelWithDebInfo|Win32.ActiveCfg = RelWithDebInfo|Win32
		{322B03C6-6EB2-49E5-A36F-FAEABDFFB310}.RelWithDebInfo|Win32.Build.0 = RelWithDebInfo|Win32
		{34B634E9-F57C-416D-B810-428EC9095E12}.Debug|Win32.ActiveCfg = Debug|Win32
		{34B634E9-F57C-416D-B810-428EC9095E12}.Debug|Win32.Build.0 = Debug|Win32
		{34B634E9-F57C-416D-B810-428EC9095E12}.Release|Win32.ActiveCfg = Release|Win32
		{34B634E9-F57C-416D-B810-428EC9095E12}.Release|Win32.Build.0 = Release|Win32
		{34B634E9-F57C-416D-B810-428EC9095E12}.MinSizeRel|Win32.ActiveCfg = MinSizeRel|Win32
		{34B634E9-F57C-416D-B810-428EC9095E12}.MinSizeRel|Win32.Build.0 = MinSizeRel|Win32
		{34B634E9-F57C-416D-B810-428EC9095E12}.RelWithDebInfo|Win32.ActiveCfg = RelWithDebInfo|Win32
		{34B634E9-F57C-416D-B810-428EC9095E12}.RelWithDebInfo|Win32.Build.0 = RelWithDebInfo|Win32
		{0965CE7A-A482-40A7-90AA-1F59F4FFEE6B}.Debug|Win32.ActiveCfg = Debug|Win32
		{0965CE7A-A482-40A7-90AA-1F59F4FFEE6B}.Debug|Win32.Build.0 = Debug|Win32
		{0965CE7A-A482-40A7-90AA-1F59F4FFEE6B}.Release|Win32.ActiveCfg = Release|Win32
		{0965CE7A-A482-40A7-90AA-1F59F4FFEE6B}.Release|Win32.Build.0 = Release|Win32
		{0965CE7A-A482-40A7-90AA-1F59F4FFEE6B}.MinSizeRel|Win32.ActiveCfg = MinSizeRel|Win32
		{0965CE7A-A482-40A7-90AA-1F59F4FFEE6B}.MinSizeRel|Win32.Build.0 = MinSizeRel|Win32
		{0965CE7A-A482-40A7-90AA-1F59F4FFEE6B}.RelWithDebInfo|Win32.ActiveCfg = RelWithDebInfo|Win32
		{0965CE7A-A482-40A7-90AA-1F59F4FFEE6B}.RelWithDebInfo|Win32.Build.0 = RelWithDebInfo|Win32
		{99CBBF04-8687-4494-810D-786FD05A4986}.Debug|Win32.ActiveCfg = Debug|Win32
		{99CBBF04-8687-4494-810D-786FD05A4986}.Debug|Win32.Build.0 = Debug|Win32
		{99CBBF04-8687-4494-810D-786FD05A4986}.Release|Win32.ActiveCfg = Release|Win32
		{99CBBF04-8687-4494-810D-786FD05A4986}.Release|Win32.Build.0 = Release|Win32
		{99CBBF04-8687-4494-810D-786FD05A4986}.MinSizeRel|Win32.ActiveCfg = MinSizeRel|Win32
		{99CBBF04-8687-4494-810D-786FD05A4986}.MinSizeRel|Win32.Build.0 = MinSizeRel|Win32
		{99CBBF04-8687-4494-810D-786FD05A4986}.RelWithDebInfo|Win32.ActiveCfg = RelWithDebInfo|Win32
		{99CBBF04-8687-4494-810D-786FD05A4986}.RelWithDebInfo|Win32.Build.0 = RelWithDebInfo|Win32
		{D861045F-A5D1-43F6-808F-754C38197FDB}.Debug|Win32.ActiveCfg = Debug|Win32
		{D861045F-A5D1-43F6-808F-754C38197FDB}.Debug|Win32.Build.0 = Debug|Win32
		{D861045F-A5D1-43F6-808F-754C38197FDB}.Release|Win32.ActiveCfg = Release|Win32
		{D861045F-A5D1-43F6-808F-754C38197FDB}.Release|Win32.Build.0 = Release|Win32
		{D861045F-A5D1-43F6-808F-754C38197FDB}.MinSizeRel|Win32.ActiveCfg = MinSizeRel|Win32
		{D861045F-A5D1-43F6-808F-754C38197FDB}.MinSizeRel|Win32.Build.0 = MinSizeRel|Win32
		{D861045F-A5D1-43F6-808F-754C38197FDB}.RelWithDebInfo|Win32.ActiveCfg = RelWithDebInfo|Win32
		{D861045F-A5D1-43F6-808F-754C38197FDB}.RelWithDebInfo|Win32.Build.0 = RelWithDebInfo|Win32
		{0DA9375B-1C1E-4FA0-8905-91B7600DAD8B}.Debug|Win32.ActiveCfg = Debug|Win32
		{0DA9375B-1C1E-4FA0-8905-91B7600DAD8B}.Debug|Win32.Build.0 = Debug|Win32
		{0DA9375B-1C1E-4FA0-8905-91B7600DAD8B}.Release|Win32.ActiveCfg = Release|Win32
		{0DA9375B-1C1E-4FA0-8905-91B7600DAD8B}.Release|Win32.Build.0 = Release|Win32
		{0DA9375B-1C1E-4FA0-8905-91B7600DAD8B}.MinSizeRel|Win32.ActiveCfg = MinSizeRel|Win32
		{0DA9375B-1C1E-4FA0-8905-91B7600DAD8B}.MinSizeRel|Win32.Build.0 = MinSizeRel|Win32
		{0DA9375B-1C1E-4FA0-8905-91B7600DAD8B}.RelWithDebInfo|Win32.ActiveCfg = RelWithDebInfo|Win32
		{0DA9375B-1C1E-4FA0-8905-91B7600DAD8B}.RelWithDebInfo|Win32.Build.0 = RelWithDebInfo|Win32
		{C98D91AE-6AD6-4221-8C4C-D307D92DF1A2}.Debug|Win32.ActiveCfg = Debug|Win32
		{C98D91AE-6AD6-4221-8C4C-D307D92DF1A2}.Debug|Win32.Build.0 = Debug|Win32
		{C98D91AE-6AD6-4221-8C4C-D307D92DF1A2}.Release|Win32.ActiveCfg = Release|Win32
		{C98D91AE-6AD6-4221-8C4C-D307D92DF1A2}.Release|Win32.Build.0 = Release|Win32
		{C98D91AE-6AD6-4221-8C4C-D307D92DF1A2}.MinSizeRel|Win32.ActiveCfg = MinSizeRel|Win32
		{C98D91AE-6AD6-4221-8C4C-D307D92DF1A2}.MinSizeRel|Win32.Build.0 = MinSizeRel|Win32
		{C98D91AE-6AD6-4221-8C4C-D307D92DF1A2}.RelWithDebInfo|Win32.ActiveCfg = RelWithDebInfo|Win32
		{C98D91AE-6AD6-4221-8C4C-D307D92DF1A2}.RelWithDebInfo|Win32.Build.0 = RelWithDebInfo|Win32
		{4C4B8426-38D6-45BA-BCC4-9E4B68370EEF}.Debug|Win32.ActiveCfg = Debug|Win32
		{4C4B8426-38D6-45BA-BCC4-9E4B68370EEF}.Debug|Win32.Build.0 = Debug|Win32
		{4C4B8426-38D6-45BA-BCC4-9E4B68370EEF}.Release|Win32.ActiveCfg = Release|Win32
		{4C4B8426-38D6-45BA-BCC4-9E4B68370EEF}.Release|Win32.Build.0 = Release|Win32
		{4C4B8426-38D6-45BA-BCC4-9E4B68370EEF}.MinSizeRel|Win32.ActiveCfg = MinSizeRel|Win32
		{4C4B8426-38D6-45BA-BCC4-9E4B68370EEF}.MinSizeRel|Win32.Build.0 = MinSizeRel|Win32
		{4C4B8426-38D6-45BA-BCC4-9E4B68370EEF}.RelWithDebInfo|Win32.ActiveCfg = RelWithDebInfo|Win32
		{4C4B8426-38D6-45BA-BCC4-9E4B68370EEF}.RelWithDebInfo|Win32.Build.0 = RelWithDebInfo|Win32
		{B51FB296-836A-4E92-BAB0-72540000C7CB}.Debug|Win32.ActiveCfg = Debug|Win32
		{B51FB296-836A-4E92-BAB0-72540000C7CB}.Debug|Win32.Build.0 = Debug|Win32
		{B51FB296-836A-4E92-BAB0-72540000C7CB}.Release|Win32.ActiveCfg = Release|Win32
		{B51FB296-836A-4E92-BAB0-72540000C7CB}.Release|Win32.Build.0 = Release|Win32
		{B51FB296-836A-4E92-BAB0-72540000C7CB}.MinSizeRel|Win32.ActiveCfg = MinSizeRel|Win32
		{B51FB296-836A-4E92-BAB0-72540000C7CB}.MinSizeRel|Win32.Build.0 = MinSizeRel|Win32
		{B51FB296-836A-4E92-BAB0-72540000C7CB}.RelWithDebInfo|Win32.ActiveCfg = RelWithDebInfo|Win32
		{B51FB296-836A-4E92-BAB0-72540000C7CB}.RelWithDebInfo|Win32.Build.0 = RelWithDebInfo|Win32
		{65CE5E25-0282-411C-B536-253CA1CC94B3}.Debug|Win32.ActiveCfg = Debug|Win32
		{65CE5E25-0282-411C-B536-253CA1CC94B3}.Release|Win32.ActiveCfg = Release|Win32
		{65CE5E25-0282-411C-B536-253CA1CC94B3}.MinSizeRel|Win32.ActiveCfg = MinSizeRel|Win32
		{65CE5E25-0282-411C-B536-253CA1CC94B3}.RelWithDebInfo|Win32.ActiveCfg = RelWithDebInfo|Win32
		{65CE5E25-0282-411C-B536-253CA1CC94B3}.Debug|Win32.ActiveCfg = Debug|Win32
		{65CE5E25-0282-411C-B536-253CA1CC94B3}.Release|Win32.ActiveCfg = Release|Win32
		{65CE5E25-0282-411C-B536-253CA1CC94B3}.MinSizeRel|Win32.ActiveCfg = MinSizeRel|Win32
		{65CE5E25-0282-411C-B536-253CA1CC94B3}.RelWithDebInfo|Win32.ActiveCfg = RelWithDebInfo|Win32
		{65CE5E25-0282-411C-B536-253CA1CC94B3}.Debug|Win32.ActiveCfg = Debug|Win32
		{65CE5E25-0282-411C-B536-253CA1CC94B3}.Release|Win32.ActiveCfg = Release|Win32
		{65CE5E25-0282-411C-B536-253CA1CC94B3}.MinSizeRel|Win32.ActiveCfg = MinSizeRel|Win32
		{65CE5E25-0282-411C-B536-253CA1CC94B3}.RelWithDebInfo|Win32.ActiveCfg = RelWithDebInfo|Win32
		{65CE5E25-0282-411C-B536-253CA1CC94B3}.Debug|Win32.ActiveCfg = Debug|Win32
		{65CE5E25-0282-411C-B536-253CA1CC94B3}.Release|Win32.ActiveCfg = Release|Win32
		{65CE5E25-0282-411C-B536-253CA1CC94B3}.MinSizeRel|Win32.ActiveCfg = MinSizeRel|Win32
		{65CE5E25-0282-411C-B536-253CA1CC94B3}.RelWithDebInfo|Win32.ActiveCfg = RelWithDebInfo|Win32
		{65CE5E25-0282-411C-B536-253CA1CC94B3}.Debug|Win32.ActiveCfg = Debug|Win32
		{65CE5E25-0282-411C-B536-253CA1CC94B3}.Release|Win32.ActiveCfg = Release|Win32
		{65CE5E25-0282-411C-B536-253CA1CC94B3}.MinSizeRel|Win32.ActiveCfg = MinSizeRel|Win32
		{65CE5E25-0282-411C-B536-253CA1CC94B3}.RelWithDebInfo|Win32.ActiveCfg = RelWithDebInfo|Win32
		{65CE5E25-0282-411C-B536-253CA1CC94B3}.Debug|Win32.ActiveCfg = Debug|Win32
		{65CE5E25-0282-411C-B536-253CA1CC94B3}.Release|Win32.ActiveCfg = Release|Win32
		{65CE5E25-0282-411C-B536-253CA1CC94B3}.MinSizeRel|Win32.ActiveCfg = MinSizeRel|Win32
		{65CE5E25-0282-411C-B536-253CA1CC94B3}.RelWithDebInfo|Win32.ActiveCfg = RelWithDebInfo|Win32
		{65CE5E25-0282-411C-B536-253CA1CC94B3}.Debug|Win32.ActiveCfg = Debug|Win32
		{65CE5E25-0282-411C-B536-253CA1CC94B3}.Release|Win32.ActiveCfg = Release|Win32
		{65CE5E25-0282-411C-B536-253CA1CC94B3}.MinSizeRel|Win32.ActiveCfg = MinSizeRel|Win32
		{65CE5E25-0282-411C-B536-253CA1CC94B3}.RelWithDebInfo|Win32.ActiveCfg = RelWithDebInfo|Win32
		{65CE5E25-0282-411C-B536-253CA1CC94B3}.Debug|Win32.ActiveCfg = Debug|Win32
		{65CE5E25-0282-411C-B536-253CA1CC94B3}.Release|Win32.ActiveCfg = Release|Win32
		{65CE5E25-0282-411C-B536-253CA1CC94B3}.MinSizeRel|Win32.ActiveCfg = MinSizeRel|Win32
		{65CE5E25-0282-411C-B536-253CA1CC94B3}.RelWithDebInfo|Win32.ActiveCfg = RelWithDebInfo|Win32
		{65CE5E25-0282-411C-B536-253CA1CC94B3}.Debug|Win32.ActiveCfg = Debug|Win32
		{65CE5E25-0282-411C-B536-253CA1CC94B3}.Release|Win32.ActiveCfg = Release|Win32
		{65CE5E25-0282-411C-B536-253CA1CC94B3}.MinSizeRel|Win32.ActiveCfg = MinSizeRel|Win32
		{65CE5E25-0282-411C-B536-253CA1CC94B3}.RelWithDebInfo|Win32.ActiveCfg = RelWithDebInfo|Win32
		{65CE5E25-0282-411C-B536-253CA1CC94B3}.Debug|Win32.ActiveCfg = Debug|Win32
		{65CE5E25-0282-411C-B536-253CA1CC94B3}.Release|Win32.ActiveCfg = Release|Win32
		{65CE5E25-0282-411C-B536-253CA1CC94B3}.MinSizeRel|Win32.ActiveCfg = MinSizeRel|Win32
		{65CE5E25-0282-411C-B536-253CA1CC94B3}.RelWithDebInfo|Win32.ActiveCfg = RelWithDebInfo|Win32
		{65CE5E25-0282-411C-B536-253CA1CC94B3}.Debug|Win32.ActiveCfg = Debug|Win32
		{65CE5E25-0282-411C-B536-253CA1CC94B3}.Release|Win32.ActiveCfg = Release|Win32
		{65CE5E25-0282-411C-B536-253CA1CC94B3}.MinSizeRel|Win32.ActiveCfg = MinSizeRel|Win32
		{65CE5E25-0282-411C-B536-253CA1CC94B3}.RelWithDebInfo|Win32.ActiveCfg = RelWithDebInfo|Win32
		{65CE5E25-0282-411C-B536-253CA1CC94B3}.Debug|Win32.ActiveCfg = Debug|Win32
		{65CE5E25-0282-411C-B536-253CA1CC94B3}.Release|Win32.ActiveCfg = Release|Win32
		{65CE5E25-0282-411C-B536-253CA1CC94B3}.MinSizeRel|Win32.ActiveCfg = MinSizeRel|Win32
		{65CE5E25-0282-411C-B536-253CA1CC94B3}.RelWithDebInfo|Win32.ActiveCfg = RelWithDebInfo|Win32
		{65CE5E25-0282-411C-B536-253CA1CC94B3}.Debug|Win32.ActiveCfg = Debug|Win32
		{65CE5E25-0282-411C-B536-253CA1CC94B3}.Release|Win32.ActiveCfg = Release|Win32
		{65CE5E25-0282-411C-B536-253CA1CC94B3}.MinSizeRel|Win32.ActiveCfg = MinSizeRel|Win32
		{65CE5E25-0282-411C-B536-253CA1CC94B3}.RelWithDebInfo|Win32.ActiveCfg = RelWithDebInfo|Win32
		{65CE5E25-0282-411C-B536-253CA1CC94B3}.Debug|Win32.ActiveCfg = Debug|Win32
		{65CE5E25-0282-411C-B536-253CA1CC94B3}.Release|Win32.ActiveCfg = Release|Win32
		{65CE5E25-0282-411C-B536-253CA1CC94B3}.MinSizeRel|Win32.ActiveCfg = MinSizeRel|Win32
		{65CE5E25-0282-411C-B536-253CA1CC94B3}.RelWithDebInfo|Win32.ActiveCfg = RelWithDebInfo|Win32
		{65CE5E25-0282-411C-B536-253CA1CC94B3}.Debug|Win32.ActiveCfg = Debug|Win32
		{65CE5E25-0282-411C-B536-253CA1CC94B3}.Release|Win32.ActiveCfg = Release|Win32
		{65CE5E25-0282-411C-B536-253CA1CC94B3}.MinSizeRel|Win32.ActiveCfg = MinSizeRel|Win32
		{65CE5E25-0282-411C-B536-253CA1CC94B3}.RelWithDebInfo|Win32.ActiveCfg = RelWithDebInfo|Win32
		{65CE5E25-0282-411C-B536-253CA1CC94B3}.Debug|Win32.ActiveCfg = Debug|Win32
		{65CE5E25-0282-411C-B536-253CA1CC94B3}.Release|Win32.ActiveCfg = Release|Win32
		{65CE5E25-0282-411C-B536-253CA1CC94B3}.MinSizeRel|Win32.ActiveCfg = MinSizeRel|Win32
		{65CE5E25-0282-411C-B536-253CA1CC94B3}.RelWithDebInfo|Win32.ActiveCfg = RelWithDebInfo|Win32
		{65CE5E25-0282-411C-B536-253CA1CC94B3}.Debug|Win32.ActiveCfg = Debug|Win32
		{65CE5E25-0282-411C-B536-253CA1CC94B3}.Release|Win32.ActiveCfg = Release|Win32
		{65CE5E25-0282-411C-B536-253CA1CC94B3}.MinSizeRel|Win32.ActiveCfg = MinSizeRel|Win32
		{65CE5E25-0282-411C-B536-253CA1CC94B3}.RelWithDebInfo|Win32.ActiveCfg = RelWithDebInfo|Win32
		{65CE5E25-0282-411C-B536-253CA1CC94B3}.Debug|Win32.ActiveCfg = Debug|Win32
		{65CE5E25-0282-411C-B536-253CA1CC94B3}.Release|Win32.ActiveCfg = Release|Win32
		{65CE5E25-0282-411C-B536-253CA1CC94B3}.MinSizeRel|Win32.ActiveCfg = MinSizeRel|Win32
		{65CE5E25-0282-411C-B536-253CA1CC94B3}.RelWithDebInfo|Win32.ActiveCfg = RelWithDebInfo|Win32
		{65CE5E25-0282-411C-B536-253CA1CC94B3}.Debug|Win32.ActiveCfg = Debug|Win32
		{65CE5E25-0282-411C-B536-253CA1CC94B3}.Release|Win32.ActiveCfg = Release|Win32
		{65CE5E25-0282-411C-B536-253CA1CC94B3}.MinSizeRel|Win32.ActiveCfg = MinSizeRel|Win32
		{65CE5E25-0282-411C-B536-253CA1CC94B3}.RelWithDebInfo|Win32.ActiveCfg = RelWithDebInfo|Win32
		{65CE5E25-0282-411C-B536-253CA1CC94B3}.Debug|Win32.ActiveCfg = Debug|Win32
		{65CE5E25-0282-411C-B536-253CA1CC94B3}.Release|Win32.ActiveCfg = Release|Win32
		{65CE5E25-0282-411C-B536-253CA1CC94B3}.MinSizeRel|Win32.ActiveCfg = MinSizeRel|Win32
		{65CE5E25-0282-411C-B536-253CA1CC94B3}.RelWithDebInfo|Win32.ActiveCfg = RelWithDebInfo|Win32
		{65CE5E25-0282-411C-B536-253CA1CC94B3}.Debug|Win32.ActiveCfg = Debug|Win32
		{65CE5E25-0282-411C-B536-253CA1CC94B3}.Release|Win32.ActiveCfg = Release|Win32
		{65CE5E25-0282-411C-B536-253CA1CC94B3}.MinSizeRel|Win32.ActiveCfg = MinSizeRel|Win32
		{65CE5E25-0282-411C-B536-253CA1CC94B3}.RelWithDebInfo|Win32.ActiveCfg = RelWithDebInfo|Win32
		{65CE5E25-0282-411C-B536-253CA1CC94B3}.Debug|Win32.ActiveCfg = Debug|Win32
		{65CE5E25-0282-411C-B536-253CA1CC94B3}.Release|Win32.ActiveCfg = Release|Win32
		{65CE5E25-0282-411C-B536-253CA1CC94B3}.MinSizeRel|Win32.ActiveCfg = MinSizeRel|Win32
		{65CE5E25-0282-411C-B536-253CA1CC94B3}.RelWithDebInfo|Win32.ActiveCfg = RelWithDebInfo|Win32
		{65CE5E25-0282-411C-B536-253CA1CC94B3}.Debug|Win32.ActiveCfg = Debug|Win32
		{65CE5E25-0282-411C-B536-253CA1CC94B3}.Release|Win32.ActiveCfg = Release|Win32
		{65CE5E25-0282-411C-B536-253CA1CC94B3}.MinSizeRel|Win32.ActiveCfg = MinSizeRel|Win32
		{65CE5E25-0282-411C-B536-253CA1CC94B3}.RelWithDebInfo|Win32.ActiveCfg = RelWithDebInfo|Win32
		{65CE5E25-0282-411C-B536-253CA1CC94B3}.Debug|Win32.ActiveCfg = Debug|Win32
		{65CE5E25-0282-411C-B536-253CA1CC94B3}.Release|Win32.ActiveCfg = Release|Win32
		{65CE5E25-0282-411C-B536-253CA1CC94B3}.MinSizeRel|Win32.ActiveCfg = MinSizeRel|Win32
		{65CE5E25-0282-411C-B536-253CA1CC94B3}.RelWithDebInfo|Win32.ActiveCfg = RelWithDebInfo|Win32
		{65CE5E25-0282-411C-B536-253CA1CC94B3}.Debug|Win32.ActiveCfg = Debug|Win32
		{65CE5E25-0282-411C-B536-253CA1CC94B3}.Release|Win32.ActiveCfg = Release|Win32
		{65CE5E25-0282-411C-B536-253CA1CC94B3}.MinSizeRel|Win32.ActiveCfg = MinSizeRel|Win32
		{65CE5E25-0282-411C-B536-253CA1CC94B3}.RelWithDebInfo|Win32.ActiveCfg = RelWithDebInfo|Win32
		{65CE5E25-0282-411C-B536-253CA1CC94B3}.Debug|Win32.ActiveCfg = Debug|Win32
		{65CE5E25-0282-411C-B536-253CA1CC94B3}.Release|Win32.ActiveCfg = Release|Win32
		{65CE5E25-0282-411C-B536-253CA1CC94B3}.MinSizeRel|Win32.ActiveCfg = MinSizeRel|Win32
		{65CE5E25-0282-411C-B536-253CA1CC94B3}.RelWithDebInfo|Win32.ActiveCfg = RelWithDebInfo|Win32
		{65CE5E25-0282-411C-B536-253CA1CC94B3}.Debug|Win32.ActiveCfg = Debug|Win32
		{65CE5E25-0282-411C-B536-253CA1CC94B3}.Release|Win32.ActiveCfg = Release|Win32
		{65CE5E25-0282-411C-B536-253CA1CC94B3}.MinSizeRel|Win32.ActiveCfg = MinSizeRel|Win32
		{65CE5E25-0282-411C-B536-253CA1CC94B3}.RelWithDebInfo|Win32.ActiveCfg = RelWithDebInfo|Win32
		{65CE5E25-0282-411C-B536-253CA1CC94B3}.Debug|Win32.ActiveCfg = Debug|Win32
		{65CE5E25-0282-411C-B536-253CA1CC94B3}.Release|Win32.ActiveCfg = Release|Win32
		{65CE5E25-0282-411C-B536-253CA1CC94B3}.MinSizeRel|Win32.ActiveCfg = MinSizeRel|Win32
		{65CE5E25-0282-411C-B536-253CA1CC94B3}.RelWithDebInfo|Win32.ActiveCfg = RelWithDebInfo|Win32
		{65CE5E25-0282-411C-B536-253CA1CC94B3}.Debug|Win32.ActiveCfg = Debug|Win32
		{65CE5E25-0282-411C-B536-253CA1CC94B3}.Release|Win32.ActiveCfg = Release|Win32
		{65CE5E25-0282-411C-B536-253CA1CC94B3}.MinSizeRel|Win32.ActiveCfg = MinSizeRel|Win32
		{65CE5E25-0282-411C-B536-253CA1CC94B3}.RelWithDebInfo|Win32.ActiveCfg = RelWithDebInfo|Win32
		{65CE5E25-0282-411C-B536-253CA1CC94B3}.Debug|Win32.ActiveCfg = Debug|Win32
		{65CE5E25-0282-411C-B536-253CA1CC94B3}.Release|Win32.ActiveCfg = Release|Win32
		{65CE5E25-0282-411C-B536-253CA1CC94B3}.MinSizeRel|Win32.ActiveCfg = MinSizeRel|Win32
		{65CE5E25-0282-411C-B536-253CA1CC94B3}.RelWithDebInfo|Win32.ActiveCfg = RelWithDebInfo|Win32
		{65CE5E25-0282-411C-B536-253CA1CC94B3}.Debug|Win32.ActiveCfg = Debug|Win32
		{65CE5E25-0282-411C-B536-253CA1CC94B3}.Release|Win32.ActiveCfg = Release|Win32
		{65CE5E25-0282-411C-B536-253CA1CC94B3}.MinSizeRel|Win32.ActiveCfg = MinSizeRel|Win32
		{65CE5E25-0282-411C-B536-253CA1CC94B3}.RelWithDebInfo|Win32.ActiveCfg = RelWithDebInfo|Win32
		{65CE5E25-0282-411C-B536-253CA1CC94B3}.Debug|Win32.ActiveCfg = Debug|Win32
		{65CE5E25-0282-411C-B536-253CA1CC94B3}.Release|Win32.ActiveCfg = Release|Win32
		{65CE5E25-0282-411C-B536-253CA1CC94B3}.MinSizeRel|Win32.ActiveCfg = MinSizeRel|Win32
		{65CE5E25-0282-411C-B536-253CA1CC94B3}.RelWithDebInfo|Win32.ActiveCfg = RelWithDebInfo|Win32
		{65CE5E25-0282-411C-B536-253CA1CC94B3}.Debug|Win32.ActiveCfg = Debug|Win32
		{65CE5E25-0282-411C-B536-253CA1CC94B3}.Release|Win32.ActiveCfg = Release|Win32
		{65CE5E25-0282-411C-B536-253CA1CC94B3}.MinSizeRel|Win32.ActiveCfg = MinSizeRel|Win32
		{65CE5E25-0282-411C-B536-253CA1CC94B3}.RelWithDebInfo|Win32.ActiveCfg = RelWithDebInfo|Win32
		{65CE5E25-0282-411C-B536-253CA1CC94B3}.Debug|Win32.ActiveCfg = Debug|Win32
		{65CE5E25-0282-411C-B536-253CA1CC94B3}.Release|Win32.ActiveCfg = Release|Win32
		{65CE5E25-0282-411C-B536-253CA1CC94B3}.MinSizeRel|Win32.ActiveCfg = MinSizeRel|Win32
		{65CE5E25-0282-411C-B536-253CA1CC94B3}.RelWithDebInfo|Win32.ActiveCfg = RelWithDebInfo|Win32
		{CA7C389D-6D03-441B-8920-B69A34405E6B}.Debug|Win32.ActiveCfg = Debug|Win32
		{CA7C389D-6D03-441B-8920-B69A34405E6B}.Debug|Win32.Build.0 = Debug|Win32
		{CA7C389D-6D03-441B-8920-B69A34405E6B}.Release|Win32.ActiveCfg = Release|Win32
		{CA7C389D-6D03-441B-8920-B69A34405E6B}.Release|Win32.Build.0 = Release|Win32
		{CA7C389D-6D03-441B-8920-B69A34405E6B}.MinSizeRel|Win32.ActiveCfg = MinSizeRel|Win32
		{CA7C389D-6D03-441B-8920-B69A34405E6B}.MinSizeRel|Win32.Build.0 = MinSizeRel|Win32
		{CA7C389D-6D03-441B-8920-B69A34405E6B}.RelWithDebInfo|Win32.ActiveCfg = RelWithDebInfo|Win32
		{CA7C389D-6D03-441B-8920-B69A34405E6B}.RelWithDebInfo|Win32.Build.0 = RelWithDebInfo|Win32
		{883A687F-0066-47AE-8961-FC070F57EA5E}.Debug|Win32.ActiveCfg = Debug|Win32
		{883A687F-0066-47AE-8961-FC070F57EA5E}.Debug|Win32.Build.0 = Debug|Win32
		{883A687F-0066-47AE-8961-FC070F57EA5E}.Release|Win32.ActiveCfg = Release|Win32
		{883A687F-0066-47AE-8961-FC070F57EA5E}.Release|Win32.Build.0 = Release|Win32
		{883A687F-0066-47AE-8961-FC070F57EA5E}.MinSizeRel|Win32.ActiveCfg = MinSizeRel|Win32
		{883A687F-0066-47AE-8961-FC070F57EA5E}.MinSizeRel|Win32.Build.0 = MinSizeRel|Win32
		{883A687F-0066-47AE-8961-FC070F57EA5E}.RelWithDebInfo|Win32.ActiveCfg = RelWithDebInfo|Win32
		{883A687F-0066-47AE-8961-FC070F57EA5E}.RelWithDebInfo|Win32.Build.0 = RelWithDebInfo|Win32
		{8D60937D-C676-4AB2-BE2A-0B0E0EF4EBBB}.Debug|Win32.ActiveCfg = Debug|Win32
		{8D60937D-C676-4AB2-BE2A-0B0E0EF4EBBB}.Debug|Win32.Build.0 = Debug|Win32
		{8D60937D-C676-4AB2-BE2A-0B0E0EF4EBBB}.Release|Win32.ActiveCfg = Release|Win32
		{8D60937D-C676-4AB2-BE2A-0B0E0EF4EBBB}.Release|Win32.Build.0 = Release|Win32
		{8D60937D-C676-4AB2-BE2A-0B0E0EF4EBBB}.MinSizeRel|Win32.ActiveCfg = MinSizeRel|Win32
		{8D60937D-C676-4AB2-BE2A-0B0E0EF4EBBB}.MinSizeRel|Win32.Build.0 = MinSizeRel|Win32
		{8D60937D-C676-4AB2-BE2A-0B0E0EF4EBBB}.RelWithDebInfo|Win32.ActiveCfg = RelWithDebInfo|Win32
		{8D60937D-C676-4AB2-BE2A-0B0E0EF4EBBB}.RelWithDebInfo|Win32.Build.0 = RelWithDebInfo|Win32
		{9E5F065E-4048-4C5D-9AE9-4359C3B070C7}.Debug|Win32.ActiveCfg = Debug|Win32
		{9E5F065E-4048-4C5D-9AE9-4359C3B070C7}.Debug|Win32.Build.0 = Debug|Win32
		{9E5F065E-4048-4C5D-9AE9-4359C3B070C7}.Release|Win32.ActiveCfg = Release|Win32
		{9E5F065E-4048-4C5D-9AE9-4359C3B070C7}.Release|Win32.Build.0 = Release|Win32
		{9E5F065E-4048-4C5D-9AE9-4359C3B070C7}.MinSizeRel|Win32.ActiveCfg = MinSizeRel|Win32
		{9E5F065E-4048-4C5D-9AE9-4359C3B070C7}.MinSizeRel|Win32.Build.0 = MinSizeRel|Win32
		{9E5F065E-4048-4C5D-9AE9-4359C3B070C7}.RelWithDebInfo|Win32.ActiveCfg = RelWithDebInfo|Win32
		{9E5F065E-4048-4C5D-9AE9-4359C3B070C7}.RelWithDebInfo|Win32.Build.0 = RelWithDebInfo|Win32
		{011EDDAA-3073-4A7A-B12B-54FEE9666E9A}.Debug|Win32.ActiveCfg = Debug|Win32
		{011EDDAA-3073-4A7A-B12B-54FEE9666E9A}.Debug|Win32.Build.0 = Debug|Win32
		{011EDDAA-3073-4A7A-B12B-54FEE9666E9A}.Release|Win32.ActiveCfg = Release|Win32
		{011EDDAA-3073-4A7A-B12B-54FEE9666E9A}.Release|Win32.Build.0 = Release|Win32
		{011EDDAA-3073-4A7A-B12B-54FEE9666E9A}.MinSizeRel|Win32.ActiveCfg = MinSizeRel|Win32
		{011EDDAA-3073-4A7A-B12B-54FEE9666E9A}.MinSizeRel|Win32.Build.0 = MinSizeRel|Win32
		{011EDDAA-3073-4A7A-B12B-54FEE9666E9A}.RelWithDebInfo|Win32.ActiveCfg = RelWithDebInfo|Win32
		{011EDDAA-3073-4A7A-B12B-54FEE9666E9A}.RelWithDebInfo|Win32.Build.0 = RelWithDebInfo|Win32
		{DC7D4E37-A414-4020-B919-6ECF6AC8BE92}.Debug|Win32.ActiveCfg = Debug|Win32
		{DC7D4E37-A414-4020-B919-6ECF6AC8BE92}.Debug|Win32.Build.0 = Debug|Win32
		{DC7D4E37-A414-4020-B919-6ECF6AC8BE92}.Release|Win32.ActiveCfg = Release|Win32
		{DC7D4E37-A414-4020-B919-6ECF6AC8BE92}.Release|Win32.Build.0 = Release|Win32
		{DC7D4E37-A414-4020-B919-6ECF6AC8BE92}.MinSizeRel|Win32.ActiveCfg = MinSizeRel|Win32
		{DC7D4E37-A414-4020-B919-6ECF6AC8BE92}.MinSizeRel|Win32.Build.0 = MinSizeRel|Win32
		{DC7D4E37-A414-4020-B919-6ECF6AC8BE92}.RelWithDebInfo|Win32.ActiveCfg = RelWithDebInfo|Win32
		{DC7D4E37-A414-4020-B919-6ECF6AC8BE92}.RelWithDebInfo|Win32.Build.0 = RelWithDebInfo|Win32
		{46819601-320D-4001-8831-80B8DF27ECA9}.Debug|Win32.ActiveCfg = Debug|Win32
		{46819601-320D-4001-8831-80B8DF27ECA9}.Debug|Win32.Build.0 = Debug|Win32
		{46819601-320D-4001-8831-80B8DF27ECA9}.Release|Win32.ActiveCfg = Release|Win32
		{46819601-320D-4001-8831-80B8DF27ECA9}.Release|Win32.Build.0 = Release|Win32
		{46819601-320D-4001-8831-80B8DF27ECA9}.MinSizeRel|Win32.ActiveCfg = MinSizeRel|Win32
		{46819601-320D-4001-8831-80B8DF27ECA9}.MinSizeRel|Win32.Build.0 = MinSizeRel|Win32
		{46819601-320D-4001-8831-80B8DF27ECA9}.RelWithDebInfo|Win32.ActiveCfg = RelWithDebInfo|Win32
		{46819601-320D-4001-8831-80B8DF27ECA9}.RelWithDebInfo|Win32.Build.0 = RelWithDebInfo|Win32
		{B9311ADE-9136-46F6-980F-54CD5D0122A4}.Debug|Win32.ActiveCfg = Debug|Win32
		{B9311ADE-9136-46F6-980F-54CD5D0122A4}.Debug|Win32.Build.0 = Debug|Win32
		{B9311ADE-9136-46F6-980F-54CD5D0122A4}.Release|Win32.ActiveCfg = Release|Win32
		{B9311ADE-9136-46F6-980F-54CD5D0122A4}.Release|Win32.Build.0 = Release|Win32
		{B9311ADE-9136-46F6-980F-54CD5D0122A4}.MinSizeRel|Win32.ActiveCfg = MinSizeRel|Win32
		{B9311ADE-9136-46F6-980F-54CD5D0122A4}.MinSizeRel|Win32.Build.0 = MinSizeRel|Win32
		{B9311ADE-9136-46F6-980F-54CD5D0122A4}.RelWithDebInfo|Win32.ActiveCfg = RelWithDebInfo|Win32
		{B9311ADE-9136-46F6-980F-54CD5D0122A4}.RelWithDebInfo|Win32.Build.0 = RelWithDebInfo|Win32
		{7C61186C-90A8-4CD3-9560-2D6BCAD1AE40}.Debug|Win32.ActiveCfg = Debug|Win32
		{7C61186C-90A8-4CD3-9560-2D6BCAD1AE40}.Debug|Win32.Build.0 = Debug|Win32
		{7C61186C-90A8-4CD3-9560-2D6BCAD1AE40}.Release|Win32.ActiveCfg = Release|Win32
		{7C61186C-90A8-4CD3-9560-2D6BCAD1AE40}.Release|Win32.Build.0 = Release|Win32
		{7C61186C-90A8-4CD3-9560-2D6BCAD1AE40}.MinSizeRel|Win32.ActiveCfg = MinSizeRel|Win32
		{7C61186C-90A8-4CD3-9560-2D6BCAD1AE40}.MinSizeRel|Win32.Build.0 = MinSizeRel|Win32
		{7C61186C-90A8-4CD3-9560-2D6BCAD1AE40}.RelWithDebInfo|Win32.ActiveCfg = RelWithDebInfo|Win32
		{7C61186C-90A8-4CD3-9560-2D6BCAD1AE40}.RelWithDebInfo|Win32.Build.0 = RelWithDebInfo|Win32
		{A7A347A9-5EAD-4964-8D0D-461B708AC312}.Debug|Win32.ActiveCfg = Debug|Win32
		{A7A347A9-5EAD-4964-8D0D-461B708AC312}.Debug|Win32.Build.0 = Debug|Win32
		{A7A347A9-5EAD-4964-8D0D-461B708AC312}.Release|Win32.ActiveCfg = Release|Win32
		{A7A347A9-5EAD-4964-8D0D-461B708AC312}.Release|Win32.Build.0 = Release|Win32
		{A7A347A9-5EAD-4964-8D0D-461B708AC312}.MinSizeRel|Win32.ActiveCfg = MinSizeRel|Win32
		{A7A347A9-5EAD-4964-8D0D-461B708AC312}.MinSizeRel|Win32.Build.0 = MinSizeRel|Win32
		{A7A347A9-5EAD-4964-8D0D-461B708AC312}.RelWithDebInfo|Win32.ActiveCfg = RelWithDebInfo|Win32
		{A7A347A9-5EAD-4964-8D0D-461B708AC312}.RelWithDebInfo|Win32.Build.0 = RelWithDebInfo|Win32
		{76D25136-E382-4359-98DD-3F869F457603}.Debug|Win32.ActiveCfg = Debug|Win32
		{76D25136-E382-4359-98DD-3F869F457603}.Debug|Win32.Build.0 = Debug|Win32
		{76D25136-E382-4359-98DD-3F869F457603}.Release|Win32.ActiveCfg = Release|Win32
		{76D25136-E382-4359-98DD-3F869F457603}.Release|Win32.Build.0 = Release|Win32
		{76D25136-E382-4359-98DD-3F869F457603}.MinSizeRel|Win32.ActiveCfg = MinSizeRel|Win32
		{76D25136-E382-4359-98DD-3F869F457603}.MinSizeRel|Win32.Build.0 = MinSizeRel|Win32
		{76D25136-E382-4359-98DD-3F869F457603}.RelWithDebInfo|Win32.ActiveCfg = RelWithDebInfo|Win32
		{76D25136-E382-4359-98DD-3F869F457603}.RelWithDebInfo|Win32.Build.0 = RelWithDebInfo|Win32
		{7F90F7EC-5E0B-452B-88E5-792DB87F6D2E}.Debug|Win32.ActiveCfg = Debug|Win32
		{7F90F7EC-5E0B-452B-88E5-792DB87F6D2E}.Debug|Win32.Build.0 = Debug|Win32
		{7F90F7EC-5E0B-452B-88E5-792DB87F6D2E}.Release|Win32.ActiveCfg = Release|Win32
		{7F90F7EC-5E0B-452B-88E5-792DB87F6D2E}.Release|Win32.Build.0 = Release|Win32
		{7F90F7EC-5E0B-452B-88E5-792DB87F6D2E}.MinSizeRel|Win32.ActiveCfg = MinSizeRel|Win32
		{7F90F7EC-5E0B-452B-88E5-792DB87F6D2E}.MinSizeRel|Win32.Build.0 = MinSizeRel|Win32
		{7F90F7EC-5E0B-452B-88E5-792DB87F6D2E}.RelWithDebInfo|Win32.ActiveCfg = RelWithDebInfo|Win32
		{7F90F7EC-5E0B-452B-88E5-792DB87F6D2E}.RelWithDebInfo|Win32.Build.0 = RelWithDebInfo|Win32
		{AAF47D18-A727-47DA-A679-F1A7B3752824}.Debug|Win32.ActiveCfg = Debug|Win32
		{AAF47D18-A727-47DA-A679-F1A7B3752824}.Debug|Win32.Build.0 = Debug|Win32
		{AAF47D18-A727-47DA-A679-F1A7B3752824}.Release|Win32.ActiveCfg = Release|Win32
		{AAF47D18-A727-47DA-A679-F1A7B3752824}.Release|Win32.Build.0 = Release|Win32
		{AAF47D18-A727-47DA-A679-F1A7B3752824}.MinSizeRel|Win32.ActiveCfg = MinSizeRel|Win32
		{AAF47D18-A727-47DA-A679-F1A7B3752824}.MinSizeRel|Win32.Build.0 = MinSizeRel|Win32
		{AAF47D18-A727-47DA-A679-F1A7B3752824}.RelWithDebInfo|Win32.ActiveCfg = RelWithDebInfo|Win32
		{AAF47D18-A727-47DA-A679-F1A7B3752824}.RelWithDebInfo|Win32.Build.0 = RelWithDebInfo|Win32
		{94408E33-0234-4E2C-A857-C77EDC387EF4}.Debug|Win32.ActiveCfg = Debug|Win32
		{94408E33-0234-4E2C-A857-C77EDC387EF4}.Debug|Win32.Build.0 = Debug|Win32
		{94408E33-0234-4E2C-A857-C77EDC387EF4}.Release|Win32.ActiveCfg = Release|Win32
		{94408E33-0234-4E2C-A857-C77EDC387EF4}.Release|Win32.Build.0 = Release|Win32
		{94408E33-0234-4E2C-A857-C77EDC387EF4}.MinSizeRel|Win32.ActiveCfg = MinSizeRel|Win32
		{94408E33-0234-4E2C-A857-C77EDC387EF4}.MinSizeRel|Win32.Build.0 = MinSizeRel|Win32
		{94408E33-0234-4E2C-A857-C77EDC387EF4}.RelWithDebInfo|Win32.ActiveCfg = RelWithDebInfo|Win32
		{94408E33-0234-4E2C-A857-C77EDC387EF4}.RelWithDebInfo|Win32.Build.0 = RelWithDebInfo|Win32
	EndGlobalSection
	GlobalSection(ExtensibilityGlobals) = postSolution
	EndGlobalSection
	GlobalSection(ExtensibilityAddIns) = postSolution
	EndGlobalSection
EndGlobal
