Microsoft Visual Studio Solution File, Format Version 9.00
# Visual Studio 2005
Project("{8BC9CEB8-8B4A-11D0-8D11-00A0C91BC942}") = "ALL_BUILD", ".\ALL_BUILD.vcproj", "{5DE34417-85FD-450D-B5C7-4B7656068AB8}"
	ProjectSection(ProjectDependencies) = postProject
		{9E5F065E-4048-4C5D-9AE9-4359C3B070C7} = {9E5F065E-4048-4C5D-9AE9-4359C3B070C7}
	EndProjectSection
EndProject
Project("{8BC9CEB8-8B4A-11D0-8D11-00A0C91BC942}") = "INSTALL", ".\INSTALL.vcproj", "{65CE5E25-0282-411C-B536-253CA1CC94B3}"
	ProjectSection(ProjectDependencies) = postProject
		{5DE34417-85FD-450D-B5C7-4B7656068AB8} = {5DE34417-85FD-450D-B5C7-4B7656068AB8}
	EndProjectSection
EndProject
Project("{8BC9CEB8-8B4A-11D0-8D11-00A0C91BC942}") = "MyGUIEngine", ".\MyGUIEngine.vcproj", "{9E5F065E-4048-4C5D-9AE9-4359C3B070C7}"
	ProjectSection(ProjectDependencies) = postProject
	EndProjectSection
EndProject
Global
	GlobalSection(SolutionConfigurationPlatforms) = preSolution
		Debug|Win32 = Debug|Win32
		Release|Win32 = Release|Win32
		MinSizeRel|Win32 = MinSizeRel|Win32
		RelWithDebInfo|Win32 = RelWithDebInfo|Win32
	EndGlobalSection
	GlobalSection(ProjectConfigurationPlatforms) = postSolution
		{5DE34417-85FD-450D-B5C7-4B7656068AB8}.Debug|Win32.ActiveCfg = Debug|Win32
		{5DE34417-85FD-450D-B5C7-4B7656068AB8}.Debug|Win32.Build.0 = Debug|Win32
		{5DE34417-85FD-450D-B5C7-4B7656068AB8}.Release|Win32.ActiveCfg = Release|Win32
		{5DE34417-85FD-450D-B5C7-4B7656068AB8}.Release|Win32.Build.0 = Release|Win32
		{5DE34417-85FD-450D-B5C7-4B7656068AB8}.MinSizeRel|Win32.ActiveCfg = MinSizeRel|Win32
		{5DE34417-85FD-450D-B5C7-4B7656068AB8}.MinSizeRel|Win32.Build.0 = MinSizeRel|Win32
		{5DE34417-85FD-450D-B5C7-4B7656068AB8}.RelWithDebInfo|Win32.ActiveCfg = RelWithDebInfo|Win32
		{5DE34417-85FD-450D-B5C7-4B7656068AB8}.RelWithDebInfo|Win32.Build.0 = RelWithDebInfo|Win32
		{65CE5E25-0282-411C-B536-253CA1CC94B3}.Debug|Win32.ActiveCfg = Debug|Win32
		{65CE5E25-0282-411C-B536-253CA1CC94B3}.Release|Win32.ActiveCfg = Release|Win32
		{65CE5E25-0282-411C-B536-253CA1CC94B3}.MinSizeRel|Win32.ActiveCfg = MinSizeRel|Win32
		{65CE5E25-0282-411C-B536-253CA1CC94B3}.RelWithDebInfo|Win32.ActiveCfg = RelWithDebInfo|Win32
		{9E5F065E-4048-4C5D-9AE9-4359C3B070C7}.Debug|Win32.ActiveCfg = Debug|Win32
		{9E5F065E-4048-4C5D-9AE9-4359C3B070C7}.Debug|Win32.Build.0 = Debug|Win32
		{9E5F065E-4048-4C5D-9AE9-4359C3B070C7}.Release|Win32.ActiveCfg = Release|Win32
		{9E5F065E-4048-4C5D-9AE9-4359C3B070C7}.Release|Win32.Build.0 = Release|Win32
		{9E5F065E-4048-4C5D-9AE9-4359C3B070C7}.MinSizeRel|Win32.ActiveCfg = MinSizeRel|Win32
		{9E5F065E-4048-4C5D-9AE9-4359C3B070C7}.MinSizeRel|Win32.Build.0 = MinSizeRel|Win32
		{9E5F065E-4048-4C5D-9AE9-4359C3B070C7}.RelWithDebInfo|Win32.ActiveCfg = RelWithDebInfo|Win32
		{9E5F065E-4048-4C5D-9AE9-4359C3B070C7}.RelWithDebInfo|Win32.Build.0 = RelWithDebInfo|Win32
	EndGlobalSection
	GlobalSection(ExtensibilityGlobals) = postSolution
	EndGlobalSection
	GlobalSection(ExtensibilityAddIns) = postSolution
	EndGlobalSection
EndGlobal
