Microsoft Visual Studio Solution File, Format Version 9.00
# Visual Studio 2005
Project("{8BC9CEB8-8B4A-11D0-8D11-00A0C91BC942}") = "ALL_BUILD", ".\ALL_BUILD.vcproj", "{A7DF8564-2D24-419F-9E29-2DED02ACEC94}"
	ProjectSection(ProjectDependencies) = postProject
		{5B969015-FEA8-4CFB-89AD-8111510A058B} = {5B969015-FEA8-4CFB-89AD-8111510A058B}
	EndProjectSection
EndProject
Project("{8BC9CEB8-8B4A-11D0-8D11-00A0C91BC942}") = "INSTALL", ".\INSTALL.vcproj", "{38680AB7-F693-48CA-9B3D-B9BBDFBE82BD}"
	ProjectSection(ProjectDependencies) = postProject
		{A7DF8564-2D24-419F-9E29-2DED02ACEC94} = {A7DF8564-2D24-419F-9E29-2DED02ACEC94}
	EndProjectSection
EndProject
Project("{8BC9CEB8-8B4A-11D0-8D11-00A0C91BC942}") = "MyGUIEngine", ".\MyGUIEngine.vcproj", "{5B969015-FEA8-4CFB-89AD-8111510A058B}"
	ProjectSection(ProjectDependencies) = postProject
	EndProjectSection
EndProject
Global
	GlobalSection(SolutionConfigurationPlatforms) = preSolution
		Debug|Win32 = Debug|Win32
		Release|Win32 = Release|Win32
		MinSizeRel|Win32 = MinSizeRel|Win32
		RelWithDebInfo|Win32 = RelWithDebInfo|Win32
	EndGlobalSection
	GlobalSection(ProjectConfigurationPlatforms) = postSolution
		{A7DF8564-2D24-419F-9E29-2DED02ACEC94}.Debug|Win32.ActiveCfg = Debug|Win32
		{A7DF8564-2D24-419F-9E29-2DED02ACEC94}.Debug|Win32.Build.0 = Debug|Win32
		{A7DF8564-2D24-419F-9E29-2DED02ACEC94}.Release|Win32.ActiveCfg = Release|Win32
		{A7DF8564-2D24-419F-9E29-2DED02ACEC94}.Release|Win32.Build.0 = Release|Win32
		{A7DF8564-2D24-419F-9E29-2DED02ACEC94}.MinSizeRel|Win32.ActiveCfg = MinSizeRel|Win32
		{A7DF8564-2D24-419F-9E29-2DED02ACEC94}.MinSizeRel|Win32.Build.0 = MinSizeRel|Win32
		{A7DF8564-2D24-419F-9E29-2DED02ACEC94}.RelWithDebInfo|Win32.ActiveCfg = RelWithDebInfo|Win32
		{A7DF8564-2D24-419F-9E29-2DED02ACEC94}.RelWithDebInfo|Win32.Build.0 = RelWithDebInfo|Win32
		{38680AB7-F693-48CA-9B3D-B9BBDFBE82BD}.Debug|Win32.ActiveCfg = Debug|Win32
		{38680AB7-F693-48CA-9B3D-B9BBDFBE82BD}.Release|Win32.ActiveCfg = Release|Win32
		{38680AB7-F693-48CA-9B3D-B9BBDFBE82BD}.MinSizeRel|Win32.ActiveCfg = MinSizeRel|Win32
		{38680AB7-F693-48CA-9B3D-B9BBDFBE82BD}.RelWithDebInfo|Win32.ActiveCfg = RelWithDebInfo|Win32
		{5B969015-FEA8-4CFB-89AD-8111510A058B}.Debug|Win32.ActiveCfg = Debug|Win32
		{5B969015-FEA8-4CFB-89AD-8111510A058B}.Debug|Win32.Build.0 = Debug|Win32
		{5B969015-FEA8-4CFB-89AD-8111510A058B}.Release|Win32.ActiveCfg = Release|Win32
		{5B969015-FEA8-4CFB-89AD-8111510A058B}.Release|Win32.Build.0 = Release|Win32
		{5B969015-FEA8-4CFB-89AD-8111510A058B}.MinSizeRel|Win32.ActiveCfg = MinSizeRel|Win32
		{5B969015-FEA8-4CFB-89AD-8111510A058B}.MinSizeRel|Win32.Build.0 = MinSizeRel|Win32
		{5B969015-FEA8-4CFB-89AD-8111510A058B}.RelWithDebInfo|Win32.ActiveCfg = RelWithDebInfo|Win32
		{5B969015-FEA8-4CFB-89AD-8111510A058B}.RelWithDebInfo|Win32.Build.0 = RelWithDebInfo|Win32
	EndGlobalSection
	GlobalSection(ExtensibilityGlobals) = postSolution
	EndGlobalSection
	GlobalSection(ExtensibilityAddIns) = postSolution
	EndGlobalSection
EndGlobal
