Microsoft Visual Studio Solution File, Format Version 9.00
# Visual Studio 2005
Project("{8BC9CEB8-8B4A-11D0-8D11-00A0C91BC942}") = "ALL_BUILD", ".\ALL_BUILD.vcproj", "{A7DF8564-2D24-419F-9E29-2DED02ACEC94}"
	ProjectSection(ProjectDependencies) = postProject
		{E100AE1A-F87C-4F51-BB0E-325F59F93C22} = {E100AE1A-F87C-4F51-BB0E-325F59F93C22}
		{AB3BCA0F-14EF-4846-B26F-EF88AEA00E84} = {AB3BCA0F-14EF-4846-B26F-EF88AEA00E84}
		{A03810BA-73C5-42D4-8CB0-4D1B2FCE29ED} = {A03810BA-73C5-42D4-8CB0-4D1B2FCE29ED}
		{51E3886A-6CCF-42D2-AFA2-873BC87C05B8} = {51E3886A-6CCF-42D2-AFA2-873BC87C05B8}
		{9F8C40A4-8DA2-4687-864C-8383E3AF3684} = {9F8C40A4-8DA2-4687-864C-8383E3AF3684}
		{5DC755BE-535E-4161-8BA3-779347AA1407} = {5DC755BE-535E-4161-8BA3-779347AA1407}
		{5CF52E59-6687-41A7-AC25-D33E7239FDE3} = {5CF52E59-6687-41A7-AC25-D33E7239FDE3}
		{9691A70F-4259-44FE-BD51-27BD74B2E695} = {9691A70F-4259-44FE-BD51-27BD74B2E695}
		{A9742C72-EB8D-4D90-B888-3BFABC140CF5} = {A9742C72-EB8D-4D90-B888-3BFABC140CF5}
		{9DEA8D0C-4388-4DC4-BFA1-300593D36537} = {9DEA8D0C-4388-4DC4-BFA1-300593D36537}
		{A07002B9-D3DF-49C6-B3C8-1AB354A2F944} = {A07002B9-D3DF-49C6-B3C8-1AB354A2F944}
		{D40460C0-6EF2-41CC-ABA0-50ECA361BDEC} = {D40460C0-6EF2-41CC-ABA0-50ECA361BDEC}
		{E0D56B95-BF46-413B-BF9A-68F01903B189} = {E0D56B95-BF46-413B-BF9A-68F01903B189}
		{0AE914A5-75CE-4086-8B26-2EE2ABCBA6C2} = {0AE914A5-75CE-4086-8B26-2EE2ABCBA6C2}
		{489644E6-4718-4281-BA26-CD21E416E2CE} = {489644E6-4718-4281-BA26-CD21E416E2CE}
		{43BC10BF-744A-4B64-AA3F-F1A3390B190A} = {43BC10BF-744A-4B64-AA3F-F1A3390B190A}
		{5B969015-FEA8-4CFB-89AD-8111510A058B} = {5B969015-FEA8-4CFB-89AD-8111510A058B}
		{3A843561-318E-42E3-99CF-D612DD04F70C} = {3A843561-318E-42E3-99CF-D612DD04F70C}
		{2E3B2FAB-8946-4189-A0B0-3D7A01703E24} = {2E3B2FAB-8946-4189-A0B0-3D7A01703E24}
		{0EAC3771-D8F4-4E90-9E18-A507113DC7D8} = {0EAC3771-D8F4-4E90-9E18-A507113DC7D8}
		{15E3B719-86F7-4D36-9514-D78936742AF7} = {15E3B719-86F7-4D36-9514-D78936742AF7}
		{6EAD6A66-6F10-43A7-B03B-0B42C88C4C78} = {6EAD6A66-6F10-43A7-B03B-0B42C88C4C78}
		{560FAE53-ED16-45AF-907B-D3A22C7E4050} = {560FAE53-ED16-45AF-907B-D3A22C7E4050}
		{11617D2C-D178-48A5-97DB-F40B6ED32D80} = {11617D2C-D178-48A5-97DB-F40B6ED32D80}
		{4023BC7F-3605-4EAF-B9FE-2CB874D46C2F} = {4023BC7F-3605-4EAF-B9FE-2CB874D46C2F}
		{5D00E593-6FC0-42BA-8B80-37A7053C2B53} = {5D00E593-6FC0-42BA-8B80-37A7053C2B53}
		{F87CAE15-A82B-42C1-A9B8-A593868003ED} = {F87CAE15-A82B-42C1-A9B8-A593868003ED}
	EndProjectSection
EndProject
Project("{8BC9CEB8-8B4A-11D0-8D11-00A0C91BC942}") = "Demo_Colour", "Demos\Demo_Colour\Demo_Colour.vcproj", "{E100AE1A-F87C-4F51-BB0E-325F59F93C22}"
	ProjectSection(ProjectDependencies) = postProject
		{5B969015-FEA8-4CFB-89AD-8111510A058B} = {5B969015-FEA8-4CFB-89AD-8111510A058B}
		{43BC10BF-744A-4B64-AA3F-F1A3390B190A} = {43BC10BF-744A-4B64-AA3F-F1A3390B190A}
		{43BC10BF-744A-4B64-AA3F-F1A3390B190A} = {43BC10BF-744A-4B64-AA3F-F1A3390B190A}
		{5B969015-FEA8-4CFB-89AD-8111510A058B} = {5B969015-FEA8-4CFB-89AD-8111510A058B}
	EndProjectSection
EndProject
Project("{8BC9CEB8-8B4A-11D0-8D11-00A0C91BC942}") = "Demo_Console", "Demos\Demo_Console\Demo_Console.vcproj", "{AB3BCA0F-14EF-4846-B26F-EF88AEA00E84}"
	ProjectSection(ProjectDependencies) = postProject
		{5B969015-FEA8-4CFB-89AD-8111510A058B} = {5B969015-FEA8-4CFB-89AD-8111510A058B}
		{43BC10BF-744A-4B64-AA3F-F1A3390B190A} = {43BC10BF-744A-4B64-AA3F-F1A3390B190A}
		{43BC10BF-744A-4B64-AA3F-F1A3390B190A} = {43BC10BF-744A-4B64-AA3F-F1A3390B190A}
		{5B969015-FEA8-4CFB-89AD-8111510A058B} = {5B969015-FEA8-4CFB-89AD-8111510A058B}
	EndProjectSection
EndProject
Project("{8BC9CEB8-8B4A-11D0-8D11-00A0C91BC942}") = "Demo_Controllers", "Demos\Demo_Controllers\Demo_Controllers.vcproj", "{A03810BA-73C5-42D4-8CB0-4D1B2FCE29ED}"
	ProjectSection(ProjectDependencies) = postProject
		{5B969015-FEA8-4CFB-89AD-8111510A058B} = {5B969015-FEA8-4CFB-89AD-8111510A058B}
		{43BC10BF-744A-4B64-AA3F-F1A3390B190A} = {43BC10BF-744A-4B64-AA3F-F1A3390B190A}
		{43BC10BF-744A-4B64-AA3F-F1A3390B190A} = {43BC10BF-744A-4B64-AA3F-F1A3390B190A}
		{5B969015-FEA8-4CFB-89AD-8111510A058B} = {5B969015-FEA8-4CFB-89AD-8111510A058B}
	EndProjectSection
EndProject
Project("{8BC9CEB8-8B4A-11D0-8D11-00A0C91BC942}") = "Demo_Gui", "Demos\Demo_Gui\Demo_Gui.vcproj", "{51E3886A-6CCF-42D2-AFA2-873BC87C05B8}"
	ProjectSection(ProjectDependencies) = postProject
		{5B969015-FEA8-4CFB-89AD-8111510A058B} = {5B969015-FEA8-4CFB-89AD-8111510A058B}
		{43BC10BF-744A-4B64-AA3F-F1A3390B190A} = {43BC10BF-744A-4B64-AA3F-F1A3390B190A}
		{43BC10BF-744A-4B64-AA3F-F1A3390B190A} = {43BC10BF-744A-4B64-AA3F-F1A3390B190A}
		{5B969015-FEA8-4CFB-89AD-8111510A058B} = {5B969015-FEA8-4CFB-89AD-8111510A058B}
	EndProjectSection
EndProject
Project("{8BC9CEB8-8B4A-11D0-8D11-00A0C91BC942}") = "Demo_ItemBox", "Demos\Demo_ItemBox\Demo_ItemBox.vcproj", "{9F8C40A4-8DA2-4687-864C-8383E3AF3684}"
	ProjectSection(ProjectDependencies) = postProject
		{5B969015-FEA8-4CFB-89AD-8111510A058B} = {5B969015-FEA8-4CFB-89AD-8111510A058B}
		{43BC10BF-744A-4B64-AA3F-F1A3390B190A} = {43BC10BF-744A-4B64-AA3F-F1A3390B190A}
		{43BC10BF-744A-4B64-AA3F-F1A3390B190A} = {43BC10BF-744A-4B64-AA3F-F1A3390B190A}
		{5B969015-FEA8-4CFB-89AD-8111510A058B} = {5B969015-FEA8-4CFB-89AD-8111510A058B}
	EndProjectSection
EndProject
Project("{8BC9CEB8-8B4A-11D0-8D11-00A0C91BC942}") = "Demo_PanelView", "Demos\Demo_PanelView\Demo_PanelView.vcproj", "{5DC755BE-535E-4161-8BA3-779347AA1407}"
	ProjectSection(ProjectDependencies) = postProject
		{5B969015-FEA8-4CFB-89AD-8111510A058B} = {5B969015-FEA8-4CFB-89AD-8111510A058B}
		{43BC10BF-744A-4B64-AA3F-F1A3390B190A} = {43BC10BF-744A-4B64-AA3F-F1A3390B190A}
		{43BC10BF-744A-4B64-AA3F-F1A3390B190A} = {43BC10BF-744A-4B64-AA3F-F1A3390B190A}
		{5B969015-FEA8-4CFB-89AD-8111510A058B} = {5B969015-FEA8-4CFB-89AD-8111510A058B}
	EndProjectSection
EndProject
Project("{8BC9CEB8-8B4A-11D0-8D11-00A0C91BC942}") = "Demo_Picking", "Demos\Demo_Picking\Demo_Picking.vcproj", "{5CF52E59-6687-41A7-AC25-D33E7239FDE3}"
	ProjectSection(ProjectDependencies) = postProject
		{5B969015-FEA8-4CFB-89AD-8111510A058B} = {5B969015-FEA8-4CFB-89AD-8111510A058B}
		{43BC10BF-744A-4B64-AA3F-F1A3390B190A} = {43BC10BF-744A-4B64-AA3F-F1A3390B190A}
		{43BC10BF-744A-4B64-AA3F-F1A3390B190A} = {43BC10BF-744A-4B64-AA3F-F1A3390B190A}
		{5B969015-FEA8-4CFB-89AD-8111510A058B} = {5B969015-FEA8-4CFB-89AD-8111510A058B}
	EndProjectSection
EndProject
Project("{8BC9CEB8-8B4A-11D0-8D11-00A0C91BC942}") = "Demo_PluginStrangeButton", "Demos\Demo_PluginStrangeButton\Demo_PluginStrangeButton.vcproj", "{9691A70F-4259-44FE-BD51-27BD74B2E695}"
	ProjectSection(ProjectDependencies) = postProject
		{5B969015-FEA8-4CFB-89AD-8111510A058B} = {5B969015-FEA8-4CFB-89AD-8111510A058B}
		{43BC10BF-744A-4B64-AA3F-F1A3390B190A} = {43BC10BF-744A-4B64-AA3F-F1A3390B190A}
		{43BC10BF-744A-4B64-AA3F-F1A3390B190A} = {43BC10BF-744A-4B64-AA3F-F1A3390B190A}
		{5B969015-FEA8-4CFB-89AD-8111510A058B} = {5B969015-FEA8-4CFB-89AD-8111510A058B}
		{3A843561-318E-42E3-99CF-D612DD04F70C} = {3A843561-318E-42E3-99CF-D612DD04F70C}
	EndProjectSection
EndProject
Project("{8BC9CEB8-8B4A-11D0-8D11-00A0C91BC942}") = "Demo_Pointers", "Demos\Demo_Pointers\Demo_Pointers.vcproj", "{A9742C72-EB8D-4D90-B888-3BFABC140CF5}"
	ProjectSection(ProjectDependencies) = postProject
		{5B969015-FEA8-4CFB-89AD-8111510A058B} = {5B969015-FEA8-4CFB-89AD-8111510A058B}
		{43BC10BF-744A-4B64-AA3F-F1A3390B190A} = {43BC10BF-744A-4B64-AA3F-F1A3390B190A}
		{43BC10BF-744A-4B64-AA3F-F1A3390B190A} = {43BC10BF-744A-4B64-AA3F-F1A3390B190A}
		{5B969015-FEA8-4CFB-89AD-8111510A058B} = {5B969015-FEA8-4CFB-89AD-8111510A058B}
	EndProjectSection
EndProject
Project("{8BC9CEB8-8B4A-11D0-8D11-00A0C91BC942}") = "Demo_RenderBox", "Demos\Demo_RenderBox\Demo_RenderBox.vcproj", "{9DEA8D0C-4388-4DC4-BFA1-300593D36537}"
	ProjectSection(ProjectDependencies) = postProject
		{5B969015-FEA8-4CFB-89AD-8111510A058B} = {5B969015-FEA8-4CFB-89AD-8111510A058B}
		{43BC10BF-744A-4B64-AA3F-F1A3390B190A} = {43BC10BF-744A-4B64-AA3F-F1A3390B190A}
		{43BC10BF-744A-4B64-AA3F-F1A3390B190A} = {43BC10BF-744A-4B64-AA3F-F1A3390B190A}
		{5B969015-FEA8-4CFB-89AD-8111510A058B} = {5B969015-FEA8-4CFB-89AD-8111510A058B}
	EndProjectSection
EndProject
Project("{8BC9CEB8-8B4A-11D0-8D11-00A0C91BC942}") = "Demo_ScrollView", "Demos\Demo_ScrollView\Demo_ScrollView.vcproj", "{A07002B9-D3DF-49C6-B3C8-1AB354A2F944}"
	ProjectSection(ProjectDependencies) = postProject
		{5B969015-FEA8-4CFB-89AD-8111510A058B} = {5B969015-FEA8-4CFB-89AD-8111510A058B}
		{43BC10BF-744A-4B64-AA3F-F1A3390B190A} = {43BC10BF-744A-4B64-AA3F-F1A3390B190A}
		{43BC10BF-744A-4B64-AA3F-F1A3390B190A} = {43BC10BF-744A-4B64-AA3F-F1A3390B190A}
		{5B969015-FEA8-4CFB-89AD-8111510A058B} = {5B969015-FEA8-4CFB-89AD-8111510A058B}
	EndProjectSection
EndProject
Project("{8BC9CEB8-8B4A-11D0-8D11-00A0C91BC942}") = "Demo_Themes", "Demos\Demo_Themes\Demo_Themes.vcproj", "{D40460C0-6EF2-41CC-ABA0-50ECA361BDEC}"
	ProjectSection(ProjectDependencies) = postProject
		{5B969015-FEA8-4CFB-89AD-8111510A058B} = {5B969015-FEA8-4CFB-89AD-8111510A058B}
		{43BC10BF-744A-4B64-AA3F-F1A3390B190A} = {43BC10BF-744A-4B64-AA3F-F1A3390B190A}
		{43BC10BF-744A-4B64-AA3F-F1A3390B190A} = {43BC10BF-744A-4B64-AA3F-F1A3390B190A}
		{5B969015-FEA8-4CFB-89AD-8111510A058B} = {5B969015-FEA8-4CFB-89AD-8111510A058B}
	EndProjectSection
EndProject
Project("{8BC9CEB8-8B4A-11D0-8D11-00A0C91BC942}") = "FontViewer", "Tools\FontViewer\FontViewer.vcproj", "{E0D56B95-BF46-413B-BF9A-68F01903B189}"
	ProjectSection(ProjectDependencies) = postProject
		{5B969015-FEA8-4CFB-89AD-8111510A058B} = {5B969015-FEA8-4CFB-89AD-8111510A058B}
		{43BC10BF-744A-4B64-AA3F-F1A3390B190A} = {43BC10BF-744A-4B64-AA3F-F1A3390B190A}
		{43BC10BF-744A-4B64-AA3F-F1A3390B190A} = {43BC10BF-744A-4B64-AA3F-F1A3390B190A}
		{5B969015-FEA8-4CFB-89AD-8111510A058B} = {5B969015-FEA8-4CFB-89AD-8111510A058B}
	EndProjectSection
EndProject
Project("{8BC9CEB8-8B4A-11D0-8D11-00A0C91BC942}") = "INSTALL", ".\INSTALL.vcproj", "{38680AB7-F693-48CA-9B3D-B9BBDFBE82BD}"
	ProjectSection(ProjectDependencies) = postProject
		{A7DF8564-2D24-419F-9E29-2DED02ACEC94} = {A7DF8564-2D24-419F-9E29-2DED02ACEC94}
	EndProjectSection
EndProject
Project("{8BC9CEB8-8B4A-11D0-8D11-00A0C91BC942}") = "ImageSetViewer", "Tools\ImageSetViewer\ImageSetViewer.vcproj", "{0AE914A5-75CE-4086-8B26-2EE2ABCBA6C2}"
	ProjectSection(ProjectDependencies) = postProject
		{5B969015-FEA8-4CFB-89AD-8111510A058B} = {5B969015-FEA8-4CFB-89AD-8111510A058B}
		{43BC10BF-744A-4B64-AA3F-F1A3390B190A} = {43BC10BF-744A-4B64-AA3F-F1A3390B190A}
		{43BC10BF-744A-4B64-AA3F-F1A3390B190A} = {43BC10BF-744A-4B64-AA3F-F1A3390B190A}
		{5B969015-FEA8-4CFB-89AD-8111510A058B} = {5B969015-FEA8-4CFB-89AD-8111510A058B}
	EndProjectSection
EndProject
Project("{8BC9CEB8-8B4A-11D0-8D11-00A0C91BC942}") = "LayoutEditor", "Tools\LayoutEditor\LayoutEditor.vcproj", "{489644E6-4718-4281-BA26-CD21E416E2CE}"
	ProjectSection(ProjectDependencies) = postProject
		{5B969015-FEA8-4CFB-89AD-8111510A058B} = {5B969015-FEA8-4CFB-89AD-8111510A058B}
		{43BC10BF-744A-4B64-AA3F-F1A3390B190A} = {43BC10BF-744A-4B64-AA3F-F1A3390B190A}
		{43BC10BF-744A-4B64-AA3F-F1A3390B190A} = {43BC10BF-744A-4B64-AA3F-F1A3390B190A}
		{5B969015-FEA8-4CFB-89AD-8111510A058B} = {5B969015-FEA8-4CFB-89AD-8111510A058B}
	EndProjectSection
EndProject
Project("{8BC9CEB8-8B4A-11D0-8D11-00A0C91BC942}") = "MyGUI.OpenGLPlatform", "Platforms\OpenGL\OpenGLPlatform\MyGUI.OpenGLPlatform.vcproj", "{43BC10BF-744A-4B64-AA3F-F1A3390B190A}"
	ProjectSection(ProjectDependencies) = postProject
		{5B969015-FEA8-4CFB-89AD-8111510A058B} = {5B969015-FEA8-4CFB-89AD-8111510A058B}
	EndProjectSection
EndProject
Project("{8BC9CEB8-8B4A-11D0-8D11-00A0C91BC942}") = "MyGUIEngine", "MyGUIEngine\MyGUIEngine.vcproj", "{5B969015-FEA8-4CFB-89AD-8111510A058B}"
	ProjectSection(ProjectDependencies) = postProject
	EndProjectSection
EndProject
Project("{8BC9CEB8-8B4A-11D0-8D11-00A0C91BC942}") = "Plugin_StrangeButton", "Plugins\Plugin_StrangeButton\Plugin_StrangeButton.vcproj", "{3A843561-318E-42E3-99CF-D612DD04F70C}"
	ProjectSection(ProjectDependencies) = postProject
		{5B969015-FEA8-4CFB-89AD-8111510A058B} = {5B969015-FEA8-4CFB-89AD-8111510A058B}
		{5B969015-FEA8-4CFB-89AD-8111510A058B} = {5B969015-FEA8-4CFB-89AD-8111510A058B}
	EndProjectSection
EndProject
Project("{8BC9CEB8-8B4A-11D0-8D11-00A0C91BC942}") = "TestApp", "UnitTests\TestApp\TestApp.vcproj", "{2E3B2FAB-8946-4189-A0B0-3D7A01703E24}"
	ProjectSection(ProjectDependencies) = postProject
		{5B969015-FEA8-4CFB-89AD-8111510A058B} = {5B969015-FEA8-4CFB-89AD-8111510A058B}
		{43BC10BF-744A-4B64-AA3F-F1A3390B190A} = {43BC10BF-744A-4B64-AA3F-F1A3390B190A}
		{43BC10BF-744A-4B64-AA3F-F1A3390B190A} = {43BC10BF-744A-4B64-AA3F-F1A3390B190A}
		{5B969015-FEA8-4CFB-89AD-8111510A058B} = {5B969015-FEA8-4CFB-89AD-8111510A058B}
	EndProjectSection
EndProject
Project("{8BC9CEB8-8B4A-11D0-8D11-00A0C91BC942}") = "UnitTest_AttachDetach", "UnitTests\UnitTest_AttachDetach\UnitTest_AttachDetach.vcproj", "{0EAC3771-D8F4-4E90-9E18-A507113DC7D8}"
	ProjectSection(ProjectDependencies) = postProject
		{5B969015-FEA8-4CFB-89AD-8111510A058B} = {5B969015-FEA8-4CFB-89AD-8111510A058B}
		{43BC10BF-744A-4B64-AA3F-F1A3390B190A} = {43BC10BF-744A-4B64-AA3F-F1A3390B190A}
		{43BC10BF-744A-4B64-AA3F-F1A3390B190A} = {43BC10BF-744A-4B64-AA3F-F1A3390B190A}
		{5B969015-FEA8-4CFB-89AD-8111510A058B} = {5B969015-FEA8-4CFB-89AD-8111510A058B}
	EndProjectSection
EndProject
Project("{8BC9CEB8-8B4A-11D0-8D11-00A0C91BC942}") = "UnitTest_Containers", "UnitTests\UnitTest_Containers\UnitTest_Containers.vcproj", "{15E3B719-86F7-4D36-9514-D78936742AF7}"
	ProjectSection(ProjectDependencies) = postProject
		{5B969015-FEA8-4CFB-89AD-8111510A058B} = {5B969015-FEA8-4CFB-89AD-8111510A058B}
		{43BC10BF-744A-4B64-AA3F-F1A3390B190A} = {43BC10BF-744A-4B64-AA3F-F1A3390B190A}
		{43BC10BF-744A-4B64-AA3F-F1A3390B190A} = {43BC10BF-744A-4B64-AA3F-F1A3390B190A}
		{5B969015-FEA8-4CFB-89AD-8111510A058B} = {5B969015-FEA8-4CFB-89AD-8111510A058B}
	EndProjectSection
EndProject
Project("{8BC9CEB8-8B4A-11D0-8D11-00A0C91BC942}") = "UnitTest_ItemBox_Info", "UnitTests\UnitTest_ItemBox_Info\UnitTest_ItemBox_Info.vcproj", "{6EAD6A66-6F10-43A7-B03B-0B42C88C4C78}"
	ProjectSection(ProjectDependencies) = postProject
		{5B969015-FEA8-4CFB-89AD-8111510A058B} = {5B969015-FEA8-4CFB-89AD-8111510A058B}
		{43BC10BF-744A-4B64-AA3F-F1A3390B190A} = {43BC10BF-744A-4B64-AA3F-F1A3390B190A}
		{43BC10BF-744A-4B64-AA3F-F1A3390B190A} = {43BC10BF-744A-4B64-AA3F-F1A3390B190A}
		{5B969015-FEA8-4CFB-89AD-8111510A058B} = {5B969015-FEA8-4CFB-89AD-8111510A058B}
	EndProjectSection
EndProject
Project("{8BC9CEB8-8B4A-11D0-8D11-00A0C91BC942}") = "UnitTest_Layers", "UnitTests\UnitTest_Layers\UnitTest_Layers.vcproj", "{560FAE53-ED16-45AF-907B-D3A22C7E4050}"
	ProjectSection(ProjectDependencies) = postProject
		{5B969015-FEA8-4CFB-89AD-8111510A058B} = {5B969015-FEA8-4CFB-89AD-8111510A058B}
		{43BC10BF-744A-4B64-AA3F-F1A3390B190A} = {43BC10BF-744A-4B64-AA3F-F1A3390B190A}
		{43BC10BF-744A-4B64-AA3F-F1A3390B190A} = {43BC10BF-744A-4B64-AA3F-F1A3390B190A}
		{5B969015-FEA8-4CFB-89AD-8111510A058B} = {5B969015-FEA8-4CFB-89AD-8111510A058B}
	EndProjectSection
EndProject
Project("{8BC9CEB8-8B4A-11D0-8D11-00A0C91BC942}") = "UnitTest_MultiList", "UnitTests\UnitTest_MultiList\UnitTest_MultiList.vcproj", "{11617D2C-D178-48A5-97DB-F40B6ED32D80}"
	ProjectSection(ProjectDependencies) = postProject
		{5B969015-FEA8-4CFB-89AD-8111510A058B} = {5B969015-FEA8-4CFB-89AD-8111510A058B}
		{43BC10BF-744A-4B64-AA3F-F1A3390B190A} = {43BC10BF-744A-4B64-AA3F-F1A3390B190A}
		{43BC10BF-744A-4B64-AA3F-F1A3390B190A} = {43BC10BF-744A-4B64-AA3F-F1A3390B190A}
		{5B969015-FEA8-4CFB-89AD-8111510A058B} = {5B969015-FEA8-4CFB-89AD-8111510A058B}
	EndProjectSection
EndProject
Project("{8BC9CEB8-8B4A-11D0-8D11-00A0C91BC942}") = "UnitTest_RTTLayer", "UnitTests\UnitTest_RTTLayer\UnitTest_RTTLayer.vcproj", "{4023BC7F-3605-4EAF-B9FE-2CB874D46C2F}"
	ProjectSection(ProjectDependencies) = postProject
		{5B969015-FEA8-4CFB-89AD-8111510A058B} = {5B969015-FEA8-4CFB-89AD-8111510A058B}
		{43BC10BF-744A-4B64-AA3F-F1A3390B190A} = {43BC10BF-744A-4B64-AA3F-F1A3390B190A}
		{43BC10BF-744A-4B64-AA3F-F1A3390B190A} = {43BC10BF-744A-4B64-AA3F-F1A3390B190A}
		{5B969015-FEA8-4CFB-89AD-8111510A058B} = {5B969015-FEA8-4CFB-89AD-8111510A058B}
	EndProjectSection
EndProject
Project("{8BC9CEB8-8B4A-11D0-8D11-00A0C91BC942}") = "UnitTest_TextureAnimations", "UnitTests\UnitTest_TextureAnimations\UnitTest_TextureAnimations.vcproj", "{5D00E593-6FC0-42BA-8B80-37A7053C2B53}"
	ProjectSection(ProjectDependencies) = postProject
		{5B969015-FEA8-4CFB-89AD-8111510A058B} = {5B969015-FEA8-4CFB-89AD-8111510A058B}
		{43BC10BF-744A-4B64-AA3F-F1A3390B190A} = {43BC10BF-744A-4B64-AA3F-F1A3390B190A}
		{43BC10BF-744A-4B64-AA3F-F1A3390B190A} = {43BC10BF-744A-4B64-AA3F-F1A3390B190A}
		{5B969015-FEA8-4CFB-89AD-8111510A058B} = {5B969015-FEA8-4CFB-89AD-8111510A058B}
	EndProjectSection
EndProject
Project("{8BC9CEB8-8B4A-11D0-8D11-00A0C91BC942}") = "UnitTest_TreeControl", "UnitTests\UnitTest_TreeControl\UnitTest_TreeControl.vcproj", "{F87CAE15-A82B-42C1-A9B8-A593868003ED}"
	ProjectSection(ProjectDependencies) = postProject
		{5B969015-FEA8-4CFB-89AD-8111510A058B} = {5B969015-FEA8-4CFB-89AD-8111510A058B}
		{43BC10BF-744A-4B64-AA3F-F1A3390B190A} = {43BC10BF-744A-4B64-AA3F-F1A3390B190A}
		{43BC10BF-744A-4B64-AA3F-F1A3390B190A} = {43BC10BF-744A-4B64-AA3F-F1A3390B190A}
		{5B969015-FEA8-4CFB-89AD-8111510A058B} = {5B969015-FEA8-4CFB-89AD-8111510A058B}
	EndProjectSection
EndProject
Global
	GlobalSection(SolutionConfigurationPlatforms) = preSolution
		Debug|Win32 = Debug|Win32
		Release|Win32 = Release|Win32
		MinSizeRel|Win32 = MinSizeRel|Win32
		RelWithDebInfo|Win32 = RelWithDebInfo|Win32
	EndGlobalSection
	GlobalSection(ProjectConfigurationPlatforms) = postSolution
		{A7DF8564-2D24-419F-9E29-2DED02ACEC94}.Debug|Win32.ActiveCfg = Debug|Win32
		{A7DF8564-2D24-419F-9E29-2DED02ACEC94}.Debug|Win32.Build.0 = Debug|Win32
		{A7DF8564-2D24-419F-9E29-2DED02ACEC94}.Release|Win32.ActiveCfg = Release|Win32
		{A7DF8564-2D24-419F-9E29-2DED02ACEC94}.Release|Win32.Build.0 = Release|Win32
		{A7DF8564-2D24-419F-9E29-2DED02ACEC94}.MinSizeRel|Win32.ActiveCfg = MinSizeRel|Win32
		{A7DF8564-2D24-419F-9E29-2DED02ACEC94}.MinSizeRel|Win32.Build.0 = MinSizeRel|Win32
		{A7DF8564-2D24-419F-9E29-2DED02ACEC94}.RelWithDebInfo|Win32.ActiveCfg = RelWithDebInfo|Win32
		{A7DF8564-2D24-419F-9E29-2DED02ACEC94}.RelWithDebInfo|Win32.Build.0 = RelWithDebInfo|Win32
		{A7DF8564-2D24-419F-9E29-2DED02ACEC94}.Debug|Win32.ActiveCfg = Debug|Win32
		{A7DF8564-2D24-419F-9E29-2DED02ACEC94}.Debug|Win32.Build.0 = Debug|Win32
		{A7DF8564-2D24-419F-9E29-2DED02ACEC94}.Release|Win32.ActiveCfg = Release|Win32
		{A7DF8564-2D24-419F-9E29-2DED02ACEC94}.Release|Win32.Build.0 = Release|Win32
		{A7DF8564-2D24-419F-9E29-2DED02ACEC94}.MinSizeRel|Win32.ActiveCfg = MinSizeRel|Win32
		{A7DF8564-2D24-419F-9E29-2DED02ACEC94}.MinSizeRel|Win32.Build.0 = MinSizeRel|Win32
		{A7DF8564-2D24-419F-9E29-2DED02ACEC94}.RelWithDebInfo|Win32.ActiveCfg = RelWithDebInfo|Win32
		{A7DF8564-2D24-419F-9E29-2DED02ACEC94}.RelWithDebInfo|Win32.Build.0 = RelWithDebInfo|Win32
		{E100AE1A-F87C-4F51-BB0E-325F59F93C22}.Debug|Win32.ActiveCfg = Debug|Win32
		{E100AE1A-F87C-4F51-BB0E-325F59F93C22}.Debug|Win32.Build.0 = Debug|Win32
		{E100AE1A-F87C-4F51-BB0E-325F59F93C22}.Release|Win32.ActiveCfg = Release|Win32
		{E100AE1A-F87C-4F51-BB0E-325F59F93C22}.Release|Win32.Build.0 = Release|Win32
		{E100AE1A-F87C-4F51-BB0E-325F59F93C22}.MinSizeRel|Win32.ActiveCfg = MinSizeRel|Win32
		{E100AE1A-F87C-4F51-BB0E-325F59F93C22}.MinSizeRel|Win32.Build.0 = MinSizeRel|Win32
		{E100AE1A-F87C-4F51-BB0E-325F59F93C22}.RelWithDebInfo|Win32.ActiveCfg = RelWithDebInfo|Win32
		{E100AE1A-F87C-4F51-BB0E-325F59F93C22}.RelWithDebInfo|Win32.Build.0 = RelWithDebInfo|Win32
		{AB3BCA0F-14EF-4846-B26F-EF88AEA00E84}.Debug|Win32.ActiveCfg = Debug|Win32
		{AB3BCA0F-14EF-4846-B26F-EF88AEA00E84}.Debug|Win32.Build.0 = Debug|Win32
		{AB3BCA0F-14EF-4846-B26F-EF88AEA00E84}.Release|Win32.ActiveCfg = Release|Win32
		{AB3BCA0F-14EF-4846-B26F-EF88AEA00E84}.Release|Win32.Build.0 = Release|Win32
		{AB3BCA0F-14EF-4846-B26F-EF88AEA00E84}.MinSizeRel|Win32.ActiveCfg = MinSizeRel|Win32
		{AB3BCA0F-14EF-4846-B26F-EF88AEA00E84}.MinSizeRel|Win32.Build.0 = MinSizeRel|Win32
		{AB3BCA0F-14EF-4846-B26F-EF88AEA00E84}.RelWithDebInfo|Win32.ActiveCfg = RelWithDebInfo|Win32
		{AB3BCA0F-14EF-4846-B26F-EF88AEA00E84}.RelWithDebInfo|Win32.Build.0 = RelWithDebInfo|Win32
		{A03810BA-73C5-42D4-8CB0-4D1B2FCE29ED}.Debug|Win32.ActiveCfg = Debug|Win32
		{A03810BA-73C5-42D4-8CB0-4D1B2FCE29ED}.Debug|Win32.Build.0 = Debug|Win32
		{A03810BA-73C5-42D4-8CB0-4D1B2FCE29ED}.Release|Win32.ActiveCfg = Release|Win32
		{A03810BA-73C5-42D4-8CB0-4D1B2FCE29ED}.Release|Win32.Build.0 = Release|Win32
		{A03810BA-73C5-42D4-8CB0-4D1B2FCE29ED}.MinSizeRel|Win32.ActiveCfg = MinSizeRel|Win32
		{A03810BA-73C5-42D4-8CB0-4D1B2FCE29ED}.MinSizeRel|Win32.Build.0 = MinSizeRel|Win32
		{A03810BA-73C5-42D4-8CB0-4D1B2FCE29ED}.RelWithDebInfo|Win32.ActiveCfg = RelWithDebInfo|Win32
		{A03810BA-73C5-42D4-8CB0-4D1B2FCE29ED}.RelWithDebInfo|Win32.Build.0 = RelWithDebInfo|Win32
		{51E3886A-6CCF-42D2-AFA2-873BC87C05B8}.Debug|Win32.ActiveCfg = Debug|Win32
		{51E3886A-6CCF-42D2-AFA2-873BC87C05B8}.Debug|Win32.Build.0 = Debug|Win32
		{51E3886A-6CCF-42D2-AFA2-873BC87C05B8}.Release|Win32.ActiveCfg = Release|Win32
		{51E3886A-6CCF-42D2-AFA2-873BC87C05B8}.Release|Win32.Build.0 = Release|Win32
		{51E3886A-6CCF-42D2-AFA2-873BC87C05B8}.MinSizeRel|Win32.ActiveCfg = MinSizeRel|Win32
		{51E3886A-6CCF-42D2-AFA2-873BC87C05B8}.MinSizeRel|Win32.Build.0 = MinSizeRel|Win32
		{51E3886A-6CCF-42D2-AFA2-873BC87C05B8}.RelWithDebInfo|Win32.ActiveCfg = RelWithDebInfo|Win32
		{51E3886A-6CCF-42D2-AFA2-873BC87C05B8}.RelWithDebInfo|Win32.Build.0 = RelWithDebInfo|Win32
		{9F8C40A4-8DA2-4687-864C-8383E3AF3684}.Debug|Win32.ActiveCfg = Debug|Win32
		{9F8C40A4-8DA2-4687-864C-8383E3AF3684}.Debug|Win32.Build.0 = Debug|Win32
		{9F8C40A4-8DA2-4687-864C-8383E3AF3684}.Release|Win32.ActiveCfg = Release|Win32
		{9F8C40A4-8DA2-4687-864C-8383E3AF3684}.Release|Win32.Build.0 = Release|Win32
		{9F8C40A4-8DA2-4687-864C-8383E3AF3684}.MinSizeRel|Win32.ActiveCfg = MinSizeRel|Win32
		{9F8C40A4-8DA2-4687-864C-8383E3AF3684}.MinSizeRel|Win32.Build.0 = MinSizeRel|Win32
		{9F8C40A4-8DA2-4687-864C-8383E3AF3684}.RelWithDebInfo|Win32.ActiveCfg = RelWithDebInfo|Win32
		{9F8C40A4-8DA2-4687-864C-8383E3AF3684}.RelWithDebInfo|Win32.Build.0 = RelWithDebInfo|Win32
		{5DC755BE-535E-4161-8BA3-779347AA1407}.Debug|Win32.ActiveCfg = Debug|Win32
		{5DC755BE-535E-4161-8BA3-779347AA1407}.Debug|Win32.Build.0 = Debug|Win32
		{5DC755BE-535E-4161-8BA3-779347AA1407}.Release|Win32.ActiveCfg = Release|Win32
		{5DC755BE-535E-4161-8BA3-779347AA1407}.Release|Win32.Build.0 = Release|Win32
		{5DC755BE-535E-4161-8BA3-779347AA1407}.MinSizeRel|Win32.ActiveCfg = MinSizeRel|Win32
		{5DC755BE-535E-4161-8BA3-779347AA1407}.MinSizeRel|Win32.Build.0 = MinSizeRel|Win32
		{5DC755BE-535E-4161-8BA3-779347AA1407}.RelWithDebInfo|Win32.ActiveCfg = RelWithDebInfo|Win32
		{5DC755BE-535E-4161-8BA3-779347AA1407}.RelWithDebInfo|Win32.Build.0 = RelWithDebInfo|Win32
		{5CF52E59-6687-41A7-AC25-D33E7239FDE3}.Debug|Win32.ActiveCfg = Debug|Win32
		{5CF52E59-6687-41A7-AC25-D33E7239FDE3}.Debug|Win32.Build.0 = Debug|Win32
		{5CF52E59-6687-41A7-AC25-D33E7239FDE3}.Release|Win32.ActiveCfg = Release|Win32
		{5CF52E59-6687-41A7-AC25-D33E7239FDE3}.Release|Win32.Build.0 = Release|Win32
		{5CF52E59-6687-41A7-AC25-D33E7239FDE3}.MinSizeRel|Win32.ActiveCfg = MinSizeRel|Win32
		{5CF52E59-6687-41A7-AC25-D33E7239FDE3}.MinSizeRel|Win32.Build.0 = MinSizeRel|Win32
		{5CF52E59-6687-41A7-AC25-D33E7239FDE3}.RelWithDebInfo|Win32.ActiveCfg = RelWithDebInfo|Win32
		{5CF52E59-6687-41A7-AC25-D33E7239FDE3}.RelWithDebInfo|Win32.Build.0 = RelWithDebInfo|Win32
		{9691A70F-4259-44FE-BD51-27BD74B2E695}.Debug|Win32.ActiveCfg = Debug|Win32
		{9691A70F-4259-44FE-BD51-27BD74B2E695}.Debug|Win32.Build.0 = Debug|Win32
		{9691A70F-4259-44FE-BD51-27BD74B2E695}.Release|Win32.ActiveCfg = Release|Win32
		{9691A70F-4259-44FE-BD51-27BD74B2E695}.Release|Win32.Build.0 = Release|Win32
		{9691A70F-4259-44FE-BD51-27BD74B2E695}.MinSizeRel|Win32.ActiveCfg = MinSizeRel|Win32
		{9691A70F-4259-44FE-BD51-27BD74B2E695}.MinSizeRel|Win32.Build.0 = MinSizeRel|Win32
		{9691A70F-4259-44FE-BD51-27BD74B2E695}.RelWithDebInfo|Win32.ActiveCfg = RelWithDebInfo|Win32
		{9691A70F-4259-44FE-BD51-27BD74B2E695}.RelWithDebInfo|Win32.Build.0 = RelWithDebInfo|Win32
		{A9742C72-EB8D-4D90-B888-3BFABC140CF5}.Debug|Win32.ActiveCfg = Debug|Win32
		{A9742C72-EB8D-4D90-B888-3BFABC140CF5}.Debug|Win32.Build.0 = Debug|Win32
		{A9742C72-EB8D-4D90-B888-3BFABC140CF5}.Release|Win32.ActiveCfg = Release|Win32
		{A9742C72-EB8D-4D90-B888-3BFABC140CF5}.Release|Win32.Build.0 = Release|Win32
		{A9742C72-EB8D-4D90-B888-3BFABC140CF5}.MinSizeRel|Win32.ActiveCfg = MinSizeRel|Win32
		{A9742C72-EB8D-4D90-B888-3BFABC140CF5}.MinSizeRel|Win32.Build.0 = MinSizeRel|Win32
		{A9742C72-EB8D-4D90-B888-3BFABC140CF5}.RelWithDebInfo|Win32.ActiveCfg = RelWithDebInfo|Win32
		{A9742C72-EB8D-4D90-B888-3BFABC140CF5}.RelWithDebInfo|Win32.Build.0 = RelWithDebInfo|Win32
		{9DEA8D0C-4388-4DC4-BFA1-300593D36537}.Debug|Win32.ActiveCfg = Debug|Win32
		{9DEA8D0C-4388-4DC4-BFA1-300593D36537}.Debug|Win32.Build.0 = Debug|Win32
		{9DEA8D0C-4388-4DC4-BFA1-300593D36537}.Release|Win32.ActiveCfg = Release|Win32
		{9DEA8D0C-4388-4DC4-BFA1-300593D36537}.Release|Win32.Build.0 = Release|Win32
		{9DEA8D0C-4388-4DC4-BFA1-300593D36537}.MinSizeRel|Win32.ActiveCfg = MinSizeRel|Win32
		{9DEA8D0C-4388-4DC4-BFA1-300593D36537}.MinSizeRel|Win32.Build.0 = MinSizeRel|Win32
		{9DEA8D0C-4388-4DC4-BFA1-300593D36537}.RelWithDebInfo|Win32.ActiveCfg = RelWithDebInfo|Win32
		{9DEA8D0C-4388-4DC4-BFA1-300593D36537}.RelWithDebInfo|Win32.Build.0 = RelWithDebInfo|Win32
		{A07002B9-D3DF-49C6-B3C8-1AB354A2F944}.Debug|Win32.ActiveCfg = Debug|Win32
		{A07002B9-D3DF-49C6-B3C8-1AB354A2F944}.Debug|Win32.Build.0 = Debug|Win32
		{A07002B9-D3DF-49C6-B3C8-1AB354A2F944}.Release|Win32.ActiveCfg = Release|Win32
		{A07002B9-D3DF-49C6-B3C8-1AB354A2F944}.Release|Win32.Build.0 = Release|Win32
		{A07002B9-D3DF-49C6-B3C8-1AB354A2F944}.MinSizeRel|Win32.ActiveCfg = MinSizeRel|Win32
		{A07002B9-D3DF-49C6-B3C8-1AB354A2F944}.MinSizeRel|Win32.Build.0 = MinSizeRel|Win32
		{A07002B9-D3DF-49C6-B3C8-1AB354A2F944}.RelWithDebInfo|Win32.ActiveCfg = RelWithDebInfo|Win32
		{A07002B9-D3DF-49C6-B3C8-1AB354A2F944}.RelWithDebInfo|Win32.Build.0 = RelWithDebInfo|Win32
		{D40460C0-6EF2-41CC-ABA0-50ECA361BDEC}.Debug|Win32.ActiveCfg = Debug|Win32
		{D40460C0-6EF2-41CC-ABA0-50ECA361BDEC}.Debug|Win32.Build.0 = Debug|Win32
		{D40460C0-6EF2-41CC-ABA0-50ECA361BDEC}.Release|Win32.ActiveCfg = Release|Win32
		{D40460C0-6EF2-41CC-ABA0-50ECA361BDEC}.Release|Win32.Build.0 = Release|Win32
		{D40460C0-6EF2-41CC-ABA0-50ECA361BDEC}.MinSizeRel|Win32.ActiveCfg = MinSizeRel|Win32
		{D40460C0-6EF2-41CC-ABA0-50ECA361BDEC}.MinSizeRel|Win32.Build.0 = MinSizeRel|Win32
		{D40460C0-6EF2-41CC-ABA0-50ECA361BDEC}.RelWithDebInfo|Win32.ActiveCfg = RelWithDebInfo|Win32
		{D40460C0-6EF2-41CC-ABA0-50ECA361BDEC}.RelWithDebInfo|Win32.Build.0 = RelWithDebInfo|Win32
		{E0D56B95-BF46-413B-BF9A-68F01903B189}.Debug|Win32.ActiveCfg = Debug|Win32
		{E0D56B95-BF46-413B-BF9A-68F01903B189}.Debug|Win32.Build.0 = Debug|Win32
		{E0D56B95-BF46-413B-BF9A-68F01903B189}.Release|Win32.ActiveCfg = Release|Win32
		{E0D56B95-BF46-413B-BF9A-68F01903B189}.Release|Win32.Build.0 = Release|Win32
		{E0D56B95-BF46-413B-BF9A-68F01903B189}.MinSizeRel|Win32.ActiveCfg = MinSizeRel|Win32
		{E0D56B95-BF46-413B-BF9A-68F01903B189}.MinSizeRel|Win32.Build.0 = MinSizeRel|Win32
		{E0D56B95-BF46-413B-BF9A-68F01903B189}.RelWithDebInfo|Win32.ActiveCfg = RelWithDebInfo|Win32
		{E0D56B95-BF46-413B-BF9A-68F01903B189}.RelWithDebInfo|Win32.Build.0 = RelWithDebInfo|Win32
		{38680AB7-F693-48CA-9B3D-B9BBDFBE82BD}.Debug|Win32.ActiveCfg = Debug|Win32
		{38680AB7-F693-48CA-9B3D-B9BBDFBE82BD}.Release|Win32.ActiveCfg = Release|Win32
		{38680AB7-F693-48CA-9B3D-B9BBDFBE82BD}.MinSizeRel|Win32.ActiveCfg = MinSizeRel|Win32
		{38680AB7-F693-48CA-9B3D-B9BBDFBE82BD}.RelWithDebInfo|Win32.ActiveCfg = RelWithDebInfo|Win32
		{38680AB7-F693-48CA-9B3D-B9BBDFBE82BD}.Debug|Win32.ActiveCfg = Debug|Win32
		{38680AB7-F693-48CA-9B3D-B9BBDFBE82BD}.Release|Win32.ActiveCfg = Release|Win32
		{38680AB7-F693-48CA-9B3D-B9BBDFBE82BD}.MinSizeRel|Win32.ActiveCfg = MinSizeRel|Win32
		{38680AB7-F693-48CA-9B3D-B9BBDFBE82BD}.RelWithDebInfo|Win32.ActiveCfg = RelWithDebInfo|Win32
		{38680AB7-F693-48CA-9B3D-B9BBDFBE82BD}.Debug|Win32.ActiveCfg = Debug|Win32
		{38680AB7-F693-48CA-9B3D-B9BBDFBE82BD}.Release|Win32.ActiveCfg = Release|Win32
		{38680AB7-F693-48CA-9B3D-B9BBDFBE82BD}.MinSizeRel|Win32.ActiveCfg = MinSizeRel|Win32
		{38680AB7-F693-48CA-9B3D-B9BBDFBE82BD}.RelWithDebInfo|Win32.ActiveCfg = RelWithDebInfo|Win32
		{38680AB7-F693-48CA-9B3D-B9BBDFBE82BD}.Debug|Win32.ActiveCfg = Debug|Win32
		{38680AB7-F693-48CA-9B3D-B9BBDFBE82BD}.Release|Win32.ActiveCfg = Release|Win32
		{38680AB7-F693-48CA-9B3D-B9BBDFBE82BD}.MinSizeRel|Win32.ActiveCfg = MinSizeRel|Win32
		{38680AB7-F693-48CA-9B3D-B9BBDFBE82BD}.RelWithDebInfo|Win32.ActiveCfg = RelWithDebInfo|Win32
		{38680AB7-F693-48CA-9B3D-B9BBDFBE82BD}.Debug|Win32.ActiveCfg = Debug|Win32
		{38680AB7-F693-48CA-9B3D-B9BBDFBE82BD}.Release|Win32.ActiveCfg = Release|Win32
		{38680AB7-F693-48CA-9B3D-B9BBDFBE82BD}.MinSizeRel|Win32.ActiveCfg = MinSizeRel|Win32
		{38680AB7-F693-48CA-9B3D-B9BBDFBE82BD}.RelWithDebInfo|Win32.ActiveCfg = RelWithDebInfo|Win32
		{38680AB7-F693-48CA-9B3D-B9BBDFBE82BD}.Debug|Win32.ActiveCfg = Debug|Win32
		{38680AB7-F693-48CA-9B3D-B9BBDFBE82BD}.Release|Win32.ActiveCfg = Release|Win32
		{38680AB7-F693-48CA-9B3D-B9BBDFBE82BD}.MinSizeRel|Win32.ActiveCfg = MinSizeRel|Win32
		{38680AB7-F693-48CA-9B3D-B9BBDFBE82BD}.RelWithDebInfo|Win32.ActiveCfg = RelWithDebInfo|Win32
		{38680AB7-F693-48CA-9B3D-B9BBDFBE82BD}.Debug|Win32.ActiveCfg = Debug|Win32
		{38680AB7-F693-48CA-9B3D-B9BBDFBE82BD}.Release|Win32.ActiveCfg = Release|Win32
		{38680AB7-F693-48CA-9B3D-B9BBDFBE82BD}.MinSizeRel|Win32.ActiveCfg = MinSizeRel|Win32
		{38680AB7-F693-48CA-9B3D-B9BBDFBE82BD}.RelWithDebInfo|Win32.ActiveCfg = RelWithDebInfo|Win32
		{38680AB7-F693-48CA-9B3D-B9BBDFBE82BD}.Debug|Win32.ActiveCfg = Debug|Win32
		{38680AB7-F693-48CA-9B3D-B9BBDFBE82BD}.Release|Win32.ActiveCfg = Release|Win32
		{38680AB7-F693-48CA-9B3D-B9BBDFBE82BD}.MinSizeRel|Win32.ActiveCfg = MinSizeRel|Win32
		{38680AB7-F693-48CA-9B3D-B9BBDFBE82BD}.RelWithDebInfo|Win32.ActiveCfg = RelWithDebInfo|Win32
		{38680AB7-F693-48CA-9B3D-B9BBDFBE82BD}.Debug|Win32.ActiveCfg = Debug|Win32
		{38680AB7-F693-48CA-9B3D-B9BBDFBE82BD}.Release|Win32.ActiveCfg = Release|Win32
		{38680AB7-F693-48CA-9B3D-B9BBDFBE82BD}.MinSizeRel|Win32.ActiveCfg = MinSizeRel|Win32
		{38680AB7-F693-48CA-9B3D-B9BBDFBE82BD}.RelWithDebInfo|Win32.ActiveCfg = RelWithDebInfo|Win32
		{38680AB7-F693-48CA-9B3D-B9BBDFBE82BD}.Debug|Win32.ActiveCfg = Debug|Win32
		{38680AB7-F693-48CA-9B3D-B9BBDFBE82BD}.Release|Win32.ActiveCfg = Release|Win32
		{38680AB7-F693-48CA-9B3D-B9BBDFBE82BD}.MinSizeRel|Win32.ActiveCfg = MinSizeRel|Win32
		{38680AB7-F693-48CA-9B3D-B9BBDFBE82BD}.RelWithDebInfo|Win32.ActiveCfg = RelWithDebInfo|Win32
		{38680AB7-F693-48CA-9B3D-B9BBDFBE82BD}.Debug|Win32.ActiveCfg = Debug|Win32
		{38680AB7-F693-48CA-9B3D-B9BBDFBE82BD}.Release|Win32.ActiveCfg = Release|Win32
		{38680AB7-F693-48CA-9B3D-B9BBDFBE82BD}.MinSizeRel|Win32.ActiveCfg = MinSizeRel|Win32
		{38680AB7-F693-48CA-9B3D-B9BBDFBE82BD}.RelWithDebInfo|Win32.ActiveCfg = RelWithDebInfo|Win32
		{38680AB7-F693-48CA-9B3D-B9BBDFBE82BD}.Debug|Win32.ActiveCfg = Debug|Win32
		{38680AB7-F693-48CA-9B3D-B9BBDFBE82BD}.Release|Win32.ActiveCfg = Release|Win32
		{38680AB7-F693-48CA-9B3D-B9BBDFBE82BD}.MinSizeRel|Win32.ActiveCfg = MinSizeRel|Win32
		{38680AB7-F693-48CA-9B3D-B9BBDFBE82BD}.RelWithDebInfo|Win32.ActiveCfg = RelWithDebInfo|Win32
		{38680AB7-F693-48CA-9B3D-B9BBDFBE82BD}.Debug|Win32.ActiveCfg = Debug|Win32
		{38680AB7-F693-48CA-9B3D-B9BBDFBE82BD}.Release|Win32.ActiveCfg = Release|Win32
		{38680AB7-F693-48CA-9B3D-B9BBDFBE82BD}.MinSizeRel|Win32.ActiveCfg = MinSizeRel|Win32
		{38680AB7-F693-48CA-9B3D-B9BBDFBE82BD}.RelWithDebInfo|Win32.ActiveCfg = RelWithDebInfo|Win32
		{38680AB7-F693-48CA-9B3D-B9BBDFBE82BD}.Debug|Win32.ActiveCfg = Debug|Win32
		{38680AB7-F693-48CA-9B3D-B9BBDFBE82BD}.Release|Win32.ActiveCfg = Release|Win32
		{38680AB7-F693-48CA-9B3D-B9BBDFBE82BD}.MinSizeRel|Win32.ActiveCfg = MinSizeRel|Win32
		{38680AB7-F693-48CA-9B3D-B9BBDFBE82BD}.RelWithDebInfo|Win32.ActiveCfg = RelWithDebInfo|Win32
		{38680AB7-F693-48CA-9B3D-B9BBDFBE82BD}.Debug|Win32.ActiveCfg = Debug|Win32
		{38680AB7-F693-48CA-9B3D-B9BBDFBE82BD}.Release|Win32.ActiveCfg = Release|Win32
		{38680AB7-F693-48CA-9B3D-B9BBDFBE82BD}.MinSizeRel|Win32.ActiveCfg = MinSizeRel|Win32
		{38680AB7-F693-48CA-9B3D-B9BBDFBE82BD}.RelWithDebInfo|Win32.ActiveCfg = RelWithDebInfo|Win32
		{38680AB7-F693-48CA-9B3D-B9BBDFBE82BD}.Debug|Win32.ActiveCfg = Debug|Win32
		{38680AB7-F693-48CA-9B3D-B9BBDFBE82BD}.Release|Win32.ActiveCfg = Release|Win32
		{38680AB7-F693-48CA-9B3D-B9BBDFBE82BD}.MinSizeRel|Win32.ActiveCfg = MinSizeRel|Win32
		{38680AB7-F693-48CA-9B3D-B9BBDFBE82BD}.RelWithDebInfo|Win32.ActiveCfg = RelWithDebInfo|Win32
		{38680AB7-F693-48CA-9B3D-B9BBDFBE82BD}.Debug|Win32.ActiveCfg = Debug|Win32
		{38680AB7-F693-48CA-9B3D-B9BBDFBE82BD}.Release|Win32.ActiveCfg = Release|Win32
		{38680AB7-F693-48CA-9B3D-B9BBDFBE82BD}.MinSizeRel|Win32.ActiveCfg = MinSizeRel|Win32
		{38680AB7-F693-48CA-9B3D-B9BBDFBE82BD}.RelWithDebInfo|Win32.ActiveCfg = RelWithDebInfo|Win32
		{38680AB7-F693-48CA-9B3D-B9BBDFBE82BD}.Debug|Win32.ActiveCfg = Debug|Win32
		{38680AB7-F693-48CA-9B3D-B9BBDFBE82BD}.Release|Win32.ActiveCfg = Release|Win32
		{38680AB7-F693-48CA-9B3D-B9BBDFBE82BD}.MinSizeRel|Win32.ActiveCfg = MinSizeRel|Win32
		{38680AB7-F693-48CA-9B3D-B9BBDFBE82BD}.RelWithDebInfo|Win32.ActiveCfg = RelWithDebInfo|Win32
		{38680AB7-F693-48CA-9B3D-B9BBDFBE82BD}.Debug|Win32.ActiveCfg = Debug|Win32
		{38680AB7-F693-48CA-9B3D-B9BBDFBE82BD}.Release|Win32.ActiveCfg = Release|Win32
		{38680AB7-F693-48CA-9B3D-B9BBDFBE82BD}.MinSizeRel|Win32.ActiveCfg = MinSizeRel|Win32
		{38680AB7-F693-48CA-9B3D-B9BBDFBE82BD}.RelWithDebInfo|Win32.ActiveCfg = RelWithDebInfo|Win32
		{38680AB7-F693-48CA-9B3D-B9BBDFBE82BD}.Debug|Win32.ActiveCfg = Debug|Win32
		{38680AB7-F693-48CA-9B3D-B9BBDFBE82BD}.Release|Win32.ActiveCfg = Release|Win32
		{38680AB7-F693-48CA-9B3D-B9BBDFBE82BD}.MinSizeRel|Win32.ActiveCfg = MinSizeRel|Win32
		{38680AB7-F693-48CA-9B3D-B9BBDFBE82BD}.RelWithDebInfo|Win32.ActiveCfg = RelWithDebInfo|Win32
		{38680AB7-F693-48CA-9B3D-B9BBDFBE82BD}.Debug|Win32.ActiveCfg = Debug|Win32
		{38680AB7-F693-48CA-9B3D-B9BBDFBE82BD}.Release|Win32.ActiveCfg = Release|Win32
		{38680AB7-F693-48CA-9B3D-B9BBDFBE82BD}.MinSizeRel|Win32.ActiveCfg = MinSizeRel|Win32
		{38680AB7-F693-48CA-9B3D-B9BBDFBE82BD}.RelWithDebInfo|Win32.ActiveCfg = RelWithDebInfo|Win32
		{38680AB7-F693-48CA-9B3D-B9BBDFBE82BD}.Debug|Win32.ActiveCfg = Debug|Win32
		{38680AB7-F693-48CA-9B3D-B9BBDFBE82BD}.Release|Win32.ActiveCfg = Release|Win32
		{38680AB7-F693-48CA-9B3D-B9BBDFBE82BD}.MinSizeRel|Win32.ActiveCfg = MinSizeRel|Win32
		{38680AB7-F693-48CA-9B3D-B9BBDFBE82BD}.RelWithDebInfo|Win32.ActiveCfg = RelWithDebInfo|Win32
		{38680AB7-F693-48CA-9B3D-B9BBDFBE82BD}.Debug|Win32.ActiveCfg = Debug|Win32
		{38680AB7-F693-48CA-9B3D-B9BBDFBE82BD}.Release|Win32.ActiveCfg = Release|Win32
		{38680AB7-F693-48CA-9B3D-B9BBDFBE82BD}.MinSizeRel|Win32.ActiveCfg = MinSizeRel|Win32
		{38680AB7-F693-48CA-9B3D-B9BBDFBE82BD}.RelWithDebInfo|Win32.ActiveCfg = RelWithDebInfo|Win32
		{38680AB7-F693-48CA-9B3D-B9BBDFBE82BD}.Debug|Win32.ActiveCfg = Debug|Win32
		{38680AB7-F693-48CA-9B3D-B9BBDFBE82BD}.Release|Win32.ActiveCfg = Release|Win32
		{38680AB7-F693-48CA-9B3D-B9BBDFBE82BD}.MinSizeRel|Win32.ActiveCfg = MinSizeRel|Win32
		{38680AB7-F693-48CA-9B3D-B9BBDFBE82BD}.RelWithDebInfo|Win32.ActiveCfg = RelWithDebInfo|Win32
		{38680AB7-F693-48CA-9B3D-B9BBDFBE82BD}.Debug|Win32.ActiveCfg = Debug|Win32
		{38680AB7-F693-48CA-9B3D-B9BBDFBE82BD}.Release|Win32.ActiveCfg = Release|Win32
		{38680AB7-F693-48CA-9B3D-B9BBDFBE82BD}.MinSizeRel|Win32.ActiveCfg = MinSizeRel|Win32
		{38680AB7-F693-48CA-9B3D-B9BBDFBE82BD}.RelWithDebInfo|Win32.ActiveCfg = RelWithDebInfo|Win32
		{38680AB7-F693-48CA-9B3D-B9BBDFBE82BD}.Debug|Win32.ActiveCfg = Debug|Win32
		{38680AB7-F693-48CA-9B3D-B9BBDFBE82BD}.Release|Win32.ActiveCfg = Release|Win32
		{38680AB7-F693-48CA-9B3D-B9BBDFBE82BD}.MinSizeRel|Win32.ActiveCfg = MinSizeRel|Win32
		{38680AB7-F693-48CA-9B3D-B9BBDFBE82BD}.RelWithDebInfo|Win32.ActiveCfg = RelWithDebInfo|Win32
		{38680AB7-F693-48CA-9B3D-B9BBDFBE82BD}.Debug|Win32.ActiveCfg = Debug|Win32
		{38680AB7-F693-48CA-9B3D-B9BBDFBE82BD}.Release|Win32.ActiveCfg = Release|Win32
		{38680AB7-F693-48CA-9B3D-B9BBDFBE82BD}.MinSizeRel|Win32.ActiveCfg = MinSizeRel|Win32
		{38680AB7-F693-48CA-9B3D-B9BBDFBE82BD}.RelWithDebInfo|Win32.ActiveCfg = RelWithDebInfo|Win32
		{38680AB7-F693-48CA-9B3D-B9BBDFBE82BD}.Debug|Win32.ActiveCfg = Debug|Win32
		{38680AB7-F693-48CA-9B3D-B9BBDFBE82BD}.Release|Win32.ActiveCfg = Release|Win32
		{38680AB7-F693-48CA-9B3D-B9BBDFBE82BD}.MinSizeRel|Win32.ActiveCfg = MinSizeRel|Win32
		{38680AB7-F693-48CA-9B3D-B9BBDFBE82BD}.RelWithDebInfo|Win32.ActiveCfg = RelWithDebInfo|Win32
		{38680AB7-F693-48CA-9B3D-B9BBDFBE82BD}.Debug|Win32.ActiveCfg = Debug|Win32
		{38680AB7-F693-48CA-9B3D-B9BBDFBE82BD}.Release|Win32.ActiveCfg = Release|Win32
		{38680AB7-F693-48CA-9B3D-B9BBDFBE82BD}.MinSizeRel|Win32.ActiveCfg = MinSizeRel|Win32
		{38680AB7-F693-48CA-9B3D-B9BBDFBE82BD}.RelWithDebInfo|Win32.ActiveCfg = RelWithDebInfo|Win32
		{38680AB7-F693-48CA-9B3D-B9BBDFBE82BD}.Debug|Win32.ActiveCfg = Debug|Win32
		{38680AB7-F693-48CA-9B3D-B9BBDFBE82BD}.Release|Win32.ActiveCfg = Release|Win32
		{38680AB7-F693-48CA-9B3D-B9BBDFBE82BD}.MinSizeRel|Win32.ActiveCfg = MinSizeRel|Win32
		{38680AB7-F693-48CA-9B3D-B9BBDFBE82BD}.RelWithDebInfo|Win32.ActiveCfg = RelWithDebInfo|Win32
		{38680AB7-F693-48CA-9B3D-B9BBDFBE82BD}.Debug|Win32.ActiveCfg = Debug|Win32
		{38680AB7-F693-48CA-9B3D-B9BBDFBE82BD}.Release|Win32.ActiveCfg = Release|Win32
		{38680AB7-F693-48CA-9B3D-B9BBDFBE82BD}.MinSizeRel|Win32.ActiveCfg = MinSizeRel|Win32
		{38680AB7-F693-48CA-9B3D-B9BBDFBE82BD}.RelWithDebInfo|Win32.ActiveCfg = RelWithDebInfo|Win32
		{38680AB7-F693-48CA-9B3D-B9BBDFBE82BD}.Debug|Win32.ActiveCfg = Debug|Win32
		{38680AB7-F693-48CA-9B3D-B9BBDFBE82BD}.Release|Win32.ActiveCfg = Release|Win32
		{38680AB7-F693-48CA-9B3D-B9BBDFBE82BD}.MinSizeRel|Win32.ActiveCfg = MinSizeRel|Win32
		{38680AB7-F693-48CA-9B3D-B9BBDFBE82BD}.RelWithDebInfo|Win32.ActiveCfg = RelWithDebInfo|Win32
		{38680AB7-F693-48CA-9B3D-B9BBDFBE82BD}.Debug|Win32.ActiveCfg = Debug|Win32
		{38680AB7-F693-48CA-9B3D-B9BBDFBE82BD}.Release|Win32.ActiveCfg = Release|Win32
		{38680AB7-F693-48CA-9B3D-B9BBDFBE82BD}.MinSizeRel|Win32.ActiveCfg = MinSizeRel|Win32
		{38680AB7-F693-48CA-9B3D-B9BBDFBE82BD}.RelWithDebInfo|Win32.ActiveCfg = RelWithDebInfo|Win32
		{38680AB7-F693-48CA-9B3D-B9BBDFBE82BD}.Debug|Win32.ActiveCfg = Debug|Win32
		{38680AB7-F693-48CA-9B3D-B9BBDFBE82BD}.Release|Win32.ActiveCfg = Release|Win32
		{38680AB7-F693-48CA-9B3D-B9BBDFBE82BD}.MinSizeRel|Win32.ActiveCfg = MinSizeRel|Win32
		{38680AB7-F693-48CA-9B3D-B9BBDFBE82BD}.RelWithDebInfo|Win32.ActiveCfg = RelWithDebInfo|Win32
		{0AE914A5-75CE-4086-8B26-2EE2ABCBA6C2}.Debug|Win32.ActiveCfg = Debug|Win32
		{0AE914A5-75CE-4086-8B26-2EE2ABCBA6C2}.Debug|Win32.Build.0 = Debug|Win32
		{0AE914A5-75CE-4086-8B26-2EE2ABCBA6C2}.Release|Win32.ActiveCfg = Release|Win32
		{0AE914A5-75CE-4086-8B26-2EE2ABCBA6C2}.Release|Win32.Build.0 = Release|Win32
		{0AE914A5-75CE-4086-8B26-2EE2ABCBA6C2}.MinSizeRel|Win32.ActiveCfg = MinSizeRel|Win32
		{0AE914A5-75CE-4086-8B26-2EE2ABCBA6C2}.MinSizeRel|Win32.Build.0 = MinSizeRel|Win32
		{0AE914A5-75CE-4086-8B26-2EE2ABCBA6C2}.RelWithDebInfo|Win32.ActiveCfg = RelWithDebInfo|Win32
		{0AE914A5-75CE-4086-8B26-2EE2ABCBA6C2}.RelWithDebInfo|Win32.Build.0 = RelWithDebInfo|Win32
		{489644E6-4718-4281-BA26-CD21E416E2CE}.Debug|Win32.ActiveCfg = Debug|Win32
		{489644E6-4718-4281-BA26-CD21E416E2CE}.Debug|Win32.Build.0 = Debug|Win32
		{489644E6-4718-4281-BA26-CD21E416E2CE}.Release|Win32.ActiveCfg = Release|Win32
		{489644E6-4718-4281-BA26-CD21E416E2CE}.Release|Win32.Build.0 = Release|Win32
		{489644E6-4718-4281-BA26-CD21E416E2CE}.MinSizeRel|Win32.ActiveCfg = MinSizeRel|Win32
		{489644E6-4718-4281-BA26-CD21E416E2CE}.MinSizeRel|Win32.Build.0 = MinSizeRel|Win32
		{489644E6-4718-4281-BA26-CD21E416E2CE}.RelWithDebInfo|Win32.ActiveCfg = RelWithDebInfo|Win32
		{489644E6-4718-4281-BA26-CD21E416E2CE}.RelWithDebInfo|Win32.Build.0 = RelWithDebInfo|Win32
		{43BC10BF-744A-4B64-AA3F-F1A3390B190A}.Debug|Win32.ActiveCfg = Debug|Win32
		{43BC10BF-744A-4B64-AA3F-F1A3390B190A}.Debug|Win32.Build.0 = Debug|Win32
		{43BC10BF-744A-4B64-AA3F-F1A3390B190A}.Release|Win32.ActiveCfg = Release|Win32
		{43BC10BF-744A-4B64-AA3F-F1A3390B190A}.Release|Win32.Build.0 = Release|Win32
		{43BC10BF-744A-4B64-AA3F-F1A3390B190A}.MinSizeRel|Win32.ActiveCfg = MinSizeRel|Win32
		{43BC10BF-744A-4B64-AA3F-F1A3390B190A}.MinSizeRel|Win32.Build.0 = MinSizeRel|Win32
		{43BC10BF-744A-4B64-AA3F-F1A3390B190A}.RelWithDebInfo|Win32.ActiveCfg = RelWithDebInfo|Win32
		{43BC10BF-744A-4B64-AA3F-F1A3390B190A}.RelWithDebInfo|Win32.Build.0 = RelWithDebInfo|Win32
		{5B969015-FEA8-4CFB-89AD-8111510A058B}.Debug|Win32.ActiveCfg = Debug|Win32
		{5B969015-FEA8-4CFB-89AD-8111510A058B}.Debug|Win32.Build.0 = Debug|Win32
		{5B969015-FEA8-4CFB-89AD-8111510A058B}.Release|Win32.ActiveCfg = Release|Win32
		{5B969015-FEA8-4CFB-89AD-8111510A058B}.Release|Win32.Build.0 = Release|Win32
		{5B969015-FEA8-4CFB-89AD-8111510A058B}.MinSizeRel|Win32.ActiveCfg = MinSizeRel|Win32
		{5B969015-FEA8-4CFB-89AD-8111510A058B}.MinSizeRel|Win32.Build.0 = MinSizeRel|Win32
		{5B969015-FEA8-4CFB-89AD-8111510A058B}.RelWithDebInfo|Win32.ActiveCfg = RelWithDebInfo|Win32
		{5B969015-FEA8-4CFB-89AD-8111510A058B}.RelWithDebInfo|Win32.Build.0 = RelWithDebInfo|Win32
		{3A843561-318E-42E3-99CF-D612DD04F70C}.Debug|Win32.ActiveCfg = Debug|Win32
		{3A843561-318E-42E3-99CF-D612DD04F70C}.Debug|Win32.Build.0 = Debug|Win32
		{3A843561-318E-42E3-99CF-D612DD04F70C}.Release|Win32.ActiveCfg = Release|Win32
		{3A843561-318E-42E3-99CF-D612DD04F70C}.Release|Win32.Build.0 = Release|Win32
		{3A843561-318E-42E3-99CF-D612DD04F70C}.MinSizeRel|Win32.ActiveCfg = MinSizeRel|Win32
		{3A843561-318E-42E3-99CF-D612DD04F70C}.MinSizeRel|Win32.Build.0 = MinSizeRel|Win32
		{3A843561-318E-42E3-99CF-D612DD04F70C}.RelWithDebInfo|Win32.ActiveCfg = RelWithDebInfo|Win32
		{3A843561-318E-42E3-99CF-D612DD04F70C}.RelWithDebInfo|Win32.Build.0 = RelWithDebInfo|Win32
		{2E3B2FAB-8946-4189-A0B0-3D7A01703E24}.Debug|Win32.ActiveCfg = Debug|Win32
		{2E3B2FAB-8946-4189-A0B0-3D7A01703E24}.Debug|Win32.Build.0 = Debug|Win32
		{2E3B2FAB-8946-4189-A0B0-3D7A01703E24}.Release|Win32.ActiveCfg = Release|Win32
		{2E3B2FAB-8946-4189-A0B0-3D7A01703E24}.Release|Win32.Build.0 = Release|Win32
		{2E3B2FAB-8946-4189-A0B0-3D7A01703E24}.MinSizeRel|Win32.ActiveCfg = MinSizeRel|Win32
		{2E3B2FAB-8946-4189-A0B0-3D7A01703E24}.MinSizeRel|Win32.Build.0 = MinSizeRel|Win32
		{2E3B2FAB-8946-4189-A0B0-3D7A01703E24}.RelWithDebInfo|Win32.ActiveCfg = RelWithDebInfo|Win32
		{2E3B2FAB-8946-4189-A0B0-3D7A01703E24}.RelWithDebInfo|Win32.Build.0 = RelWithDebInfo|Win32
		{0EAC3771-D8F4-4E90-9E18-A507113DC7D8}.Debug|Win32.ActiveCfg = Debug|Win32
		{0EAC3771-D8F4-4E90-9E18-A507113DC7D8}.Debug|Win32.Build.0 = Debug|Win32
		{0EAC3771-D8F4-4E90-9E18-A507113DC7D8}.Release|Win32.ActiveCfg = Release|Win32
		{0EAC3771-D8F4-4E90-9E18-A507113DC7D8}.Release|Win32.Build.0 = Release|Win32
		{0EAC3771-D8F4-4E90-9E18-A507113DC7D8}.MinSizeRel|Win32.ActiveCfg = MinSizeRel|Win32
		{0EAC3771-D8F4-4E90-9E18-A507113DC7D8}.MinSizeRel|Win32.Build.0 = MinSizeRel|Win32
		{0EAC3771-D8F4-4E90-9E18-A507113DC7D8}.RelWithDebInfo|Win32.ActiveCfg = RelWithDebInfo|Win32
		{0EAC3771-D8F4-4E90-9E18-A507113DC7D8}.RelWithDebInfo|Win32.Build.0 = RelWithDebInfo|Win32
		{15E3B719-86F7-4D36-9514-D78936742AF7}.Debug|Win32.ActiveCfg = Debug|Win32
		{15E3B719-86F7-4D36-9514-D78936742AF7}.Debug|Win32.Build.0 = Debug|Win32
		{15E3B719-86F7-4D36-9514-D78936742AF7}.Release|Win32.ActiveCfg = Release|Win32
		{15E3B719-86F7-4D36-9514-D78936742AF7}.Release|Win32.Build.0 = Release|Win32
		{15E3B719-86F7-4D36-9514-D78936742AF7}.MinSizeRel|Win32.ActiveCfg = MinSizeRel|Win32
		{15E3B719-86F7-4D36-9514-D78936742AF7}.MinSizeRel|Win32.Build.0 = MinSizeRel|Win32
		{15E3B719-86F7-4D36-9514-D78936742AF7}.RelWithDebInfo|Win32.ActiveCfg = RelWithDebInfo|Win32
		{15E3B719-86F7-4D36-9514-D78936742AF7}.RelWithDebInfo|Win32.Build.0 = RelWithDebInfo|Win32
		{6EAD6A66-6F10-43A7-B03B-0B42C88C4C78}.Debug|Win32.ActiveCfg = Debug|Win32
		{6EAD6A66-6F10-43A7-B03B-0B42C88C4C78}.Debug|Win32.Build.0 = Debug|Win32
		{6EAD6A66-6F10-43A7-B03B-0B42C88C4C78}.Release|Win32.ActiveCfg = Release|Win32
		{6EAD6A66-6F10-43A7-B03B-0B42C88C4C78}.Release|Win32.Build.0 = Release|Win32
		{6EAD6A66-6F10-43A7-B03B-0B42C88C4C78}.MinSizeRel|Win32.ActiveCfg = MinSizeRel|Win32
		{6EAD6A66-6F10-43A7-B03B-0B42C88C4C78}.MinSizeRel|Win32.Build.0 = MinSizeRel|Win32
		{6EAD6A66-6F10-43A7-B03B-0B42C88C4C78}.RelWithDebInfo|Win32.ActiveCfg = RelWithDebInfo|Win32
		{6EAD6A66-6F10-43A7-B03B-0B42C88C4C78}.RelWithDebInfo|Win32.Build.0 = RelWithDebInfo|Win32
		{560FAE53-ED16-45AF-907B-D3A22C7E4050}.Debug|Win32.ActiveCfg = Debug|Win32
		{560FAE53-ED16-45AF-907B-D3A22C7E4050}.Debug|Win32.Build.0 = Debug|Win32
		{560FAE53-ED16-45AF-907B-D3A22C7E4050}.Release|Win32.ActiveCfg = Release|Win32
		{560FAE53-ED16-45AF-907B-D3A22C7E4050}.Release|Win32.Build.0 = Release|Win32
		{560FAE53-ED16-45AF-907B-D3A22C7E4050}.MinSizeRel|Win32.ActiveCfg = MinSizeRel|Win32
		{560FAE53-ED16-45AF-907B-D3A22C7E4050}.MinSizeRel|Win32.Build.0 = MinSizeRel|Win32
		{560FAE53-ED16-45AF-907B-D3A22C7E4050}.RelWithDebInfo|Win32.ActiveCfg = RelWithDebInfo|Win32
		{560FAE53-ED16-45AF-907B-D3A22C7E4050}.RelWithDebInfo|Win32.Build.0 = RelWithDebInfo|Win32
		{11617D2C-D178-48A5-97DB-F40B6ED32D80}.Debug|Win32.ActiveCfg = Debug|Win32
		{11617D2C-D178-48A5-97DB-F40B6ED32D80}.Debug|Win32.Build.0 = Debug|Win32
		{11617D2C-D178-48A5-97DB-F40B6ED32D80}.Release|Win32.ActiveCfg = Release|Win32
		{11617D2C-D178-48A5-97DB-F40B6ED32D80}.Release|Win32.Build.0 = Release|Win32
		{11617D2C-D178-48A5-97DB-F40B6ED32D80}.MinSizeRel|Win32.ActiveCfg = MinSizeRel|Win32
		{11617D2C-D178-48A5-97DB-F40B6ED32D80}.MinSizeRel|Win32.Build.0 = MinSizeRel|Win32
		{11617D2C-D178-48A5-97DB-F40B6ED32D80}.RelWithDebInfo|Win32.ActiveCfg = RelWithDebInfo|Win32
		{11617D2C-D178-48A5-97DB-F40B6ED32D80}.RelWithDebInfo|Win32.Build.0 = RelWithDebInfo|Win32
		{4023BC7F-3605-4EAF-B9FE-2CB874D46C2F}.Debug|Win32.ActiveCfg = Debug|Win32
		{4023BC7F-3605-4EAF-B9FE-2CB874D46C2F}.Debug|Win32.Build.0 = Debug|Win32
		{4023BC7F-3605-4EAF-B9FE-2CB874D46C2F}.Release|Win32.ActiveCfg = Release|Win32
		{4023BC7F-3605-4EAF-B9FE-2CB874D46C2F}.Release|Win32.Build.0 = Release|Win32
		{4023BC7F-3605-4EAF-B9FE-2CB874D46C2F}.MinSizeRel|Win32.ActiveCfg = MinSizeRel|Win32
		{4023BC7F-3605-4EAF-B9FE-2CB874D46C2F}.MinSizeRel|Win32.Build.0 = MinSizeRel|Win32
		{4023BC7F-3605-4EAF-B9FE-2CB874D46C2F}.RelWithDebInfo|Win32.ActiveCfg = RelWithDebInfo|Win32
		{4023BC7F-3605-4EAF-B9FE-2CB874D46C2F}.RelWithDebInfo|Win32.Build.0 = RelWithDebInfo|Win32
		{5D00E593-6FC0-42BA-8B80-37A7053C2B53}.Debug|Win32.ActiveCfg = Debug|Win32
		{5D00E593-6FC0-42BA-8B80-37A7053C2B53}.Debug|Win32.Build.0 = Debug|Win32
		{5D00E593-6FC0-42BA-8B80-37A7053C2B53}.Release|Win32.ActiveCfg = Release|Win32
		{5D00E593-6FC0-42BA-8B80-37A7053C2B53}.Release|Win32.Build.0 = Release|Win32
		{5D00E593-6FC0-42BA-8B80-37A7053C2B53}.MinSizeRel|Win32.ActiveCfg = MinSizeRel|Win32
		{5D00E593-6FC0-42BA-8B80-37A7053C2B53}.MinSizeRel|Win32.Build.0 = MinSizeRel|Win32
		{5D00E593-6FC0-42BA-8B80-37A7053C2B53}.RelWithDebInfo|Win32.ActiveCfg = RelWithDebInfo|Win32
		{5D00E593-6FC0-42BA-8B80-37A7053C2B53}.RelWithDebInfo|Win32.Build.0 = RelWithDebInfo|Win32
		{F87CAE15-A82B-42C1-A9B8-A593868003ED}.Debug|Win32.ActiveCfg = Debug|Win32
		{F87CAE15-A82B-42C1-A9B8-A593868003ED}.Debug|Win32.Build.0 = Debug|Win32
		{F87CAE15-A82B-42C1-A9B8-A593868003ED}.Release|Win32.ActiveCfg = Release|Win32
		{F87CAE15-A82B-42C1-A9B8-A593868003ED}.Release|Win32.Build.0 = Release|Win32
		{F87CAE15-A82B-42C1-A9B8-A593868003ED}.MinSizeRel|Win32.ActiveCfg = MinSizeRel|Win32
		{F87CAE15-A82B-42C1-A9B8-A593868003ED}.MinSizeRel|Win32.Build.0 = MinSizeRel|Win32
		{F87CAE15-A82B-42C1-A9B8-A593868003ED}.RelWithDebInfo|Win32.ActiveCfg = RelWithDebInfo|Win32
		{F87CAE15-A82B-42C1-A9B8-A593868003ED}.RelWithDebInfo|Win32.Build.0 = RelWithDebInfo|Win32
	EndGlobalSection
	GlobalSection(ExtensibilityGlobals) = postSolution
	EndGlobalSection
	GlobalSection(ExtensibilityAddIns) = postSolution
	EndGlobalSection
EndGlobal
